PODS:
  - GRKOpenSSLFramework (1.0.2.18)
  - themis (0.13.3):
    - themis/themis-openssl (= 0.13.3)
  - themis/themis-openssl (0.13.3):
    - GRKOpenSSLFramework (= 1.0.2.18)
    - themis/themis-openssl/core (= 0.13.3)
    - themis/themis-openssl/objcwrapper (= 0.13.3)
  - themis/themis-openssl/core (0.13.3):
    - GRKOpenSSLFramework (= 1.0.2.18)
  - themis/themis-openssl/objcwrapper (0.13.3):
    - GRKOpenSSLFramework (= 1.0.2.18)
    - themis/themis-openssl/core

DEPENDENCIES:
  - themis (= 0.13.3)

SPEC REPOS:
  https://github.com/CocoaPods/Specs.git:
    - GRKOpenSSLFramework
    - themis

SPEC CHECKSUMS:
  GRKOpenSSLFramework: 1d65e55d569af7b23074373041a92cc8bc768a92
  themis: 00b56e2cdcc5ab1fc846aa0271ef0c2895a1c476

PODFILE CHECKSUM: e64563e8fedfcfc1bb7c0ba89bc856a9b0063d36

COCOAPODS: 1.9.1
