PODS:
  - CLOpenSSL-XCF (1.1.11101)
  - themis (0.13.10):
    - themis/openssl-1.1.1 (= 0.13.10)
  - themis/openssl-1.1.1 (0.13.10):
    - CLOpenSSL-XCF (= 1.1.11101)
    - themis/openssl-1.1.1/core (= 0.13.10)
    - themis/openssl-1.1.1/objcwrapper (= 0.13.10)
  - themis/openssl-1.1.1/core (0.13.10):
    - CLOpenSSL-XCF (= 1.1.11101)
  - themis/openssl-1.1.1/objcwrapper (0.13.10):
    - CLOpenSSL-XCF (= 1.1.11101)
    - themis/openssl-1.1.1/core

DEPENDENCIES:
  - themis (= 0.13.10)

SPEC REPOS:
  trunk:
    - CLOpenSSL-XCF
    - themis

SPEC CHECKSUMS:
  CLOpenSSL-XCF: 71ce1fb96734754ea5936e239e15999129413793
  themis: 1fc3604d5efabec8e7f004701ba5413de9a52ccc

PODFILE CHECKSUM: 3d107027b13215dd8aa60c37d5a59e4534d1be8f

COCOAPODS: 1.10.1
