PODS:
  - BoringSSL (10.0.6):
    - BoringSSL/Implementation (= 10.0.6)
    - BoringSSL/Interface (= 10.0.6)
  - BoringSSL/Implementation (10.0.6):
    - BoringSSL/Interface (= 10.0.6)
  - BoringSSL/Interface (10.0.6)
  - GRKOpenSSLFramework (1.0.2.14.1)
  - themis (0.10.1):
    - themis/themis-openssl (= 0.10.1)
  - themis/themis-boringssl (0.10.1):
    - BoringSSL (~> 10.0)
    - themis/themis-boringssl/objcwrapper (= 0.10.1)
  - themis/themis-boringssl/objcwrapper (0.10.1):
    - BoringSSL (~> 10.0)
  - themis/themis-openssl (0.10.1):
    - GRKOpenSSLFramework (~> 1.0.1)
    - themis/themis-openssl/objcwrapper (= 0.10.1)
  - themis/themis-openssl/objcwrapper (0.10.1):
    - GRKOpenSSLFramework (~> 1.0.1)

DEPENDENCIES:
  - themis (from `https://github.com/cossacklabs/themis`, branch `vixentael/ios-boringssl`)
  - themis/themis-boringssl (from `https://github.com/cossacklabs/themis`, branch `vixentael/ios-boringssl`)

SPEC REPOS:
  https://github.com/cocoapods/specs.git:
    - BoringSSL
    - GRKOpenSSLFramework

EXTERNAL SOURCES:
  themis:
    :branch: vixentael/ios-boringssl
    :git: https://github.com/cossacklabs/themis

CHECKOUT OPTIONS:
  themis:
    :commit: f9782b27b553c0ebb3b85d9dbef42e93756ccf1d
    :git: https://github.com/cossacklabs/themis

SPEC CHECKSUMS:
  BoringSSL: e10f92a27043805c01071fe815a5cd98ae8212e7
  GRKOpenSSLFramework: 845532a41bd75c6f5b99c9d95b25858357268a78
  themis: 9483a9d9c2582dc0af21122a9fb2784849409938

PODFILE CHECKSUM: d9fd0d0456eb117173cc0eb2bc45d8872b6d49f1

COCOAPODS: 1.5.3
