PODS:
  - GRKOpenSSLFramework (1.0.1.20.4)
  - themis (0.9.6):
    - GRKOpenSSLFramework (= 1.0.1.20.4)
    - themis/core (= 0.9.6)
    - themis/objcwrapper (= 0.9.6)
  - themis/core (0.9.6):
    - GRKOpenSSLFramework (= 1.0.1.20.4)
  - themis/objcwrapper (0.9.6):
    - GRKOpenSSLFramework (= 1.0.1.20.4)
    - themis/core

DEPENDENCIES:
  - themis (from `https://github.com/cossacklabs/themis.git`)

EXTERNAL SOURCES:
  themis:
    :git: https://github.com/cossacklabs/themis.git

CHECKOUT OPTIONS:
  themis:
    :commit: b98d18b2d7cd99cf04c56c2fed750e6ee5e8ca84
    :git: https://github.com/cossacklabs/themis.git

SPEC CHECKSUMS:
  GRKOpenSSLFramework: b6172cc34db9b999002483878772a4bf2a1687ba
  themis: 470fc7b5532b7ff098664185d389fbb1a5ac3603

PODFILE CHECKSUM: 917761b1dcd55e14d1d072d4bed52a309ba47467

COCOAPODS: 1.3.1
