PODS:
  - CLOpenSSL (1.1.107.1)
  - themis (0.13.1):
    - themis/openssl-1.1.1 (= 0.13.1)
  - themis/openssl-1.1.1 (0.13.1):
    - CLOpenSSL (~> 1.1.107)
    - themis/openssl-1.1.1/core (= 0.13.1)
    - themis/openssl-1.1.1/objcwrapper (= 0.13.1)
  - themis/openssl-1.1.1/core (0.13.1):
    - CLOpenSSL (~> 1.1.107)
  - themis/openssl-1.1.1/objcwrapper (0.13.1):
    - CLOpenSSL (~> 1.1.107)
    - themis/openssl-1.1.1/core

DEPENDENCIES:
  - themis (= 0.13.1)

SPEC REPOS:
  https://github.com/CocoaPods/Specs.git:
    - CLOpenSSL
    - themis

SPEC CHECKSUMS:
  CLOpenSSL: e57362f6522670f6dc727d19bd6dcd98c23d7cf5
  themis: ccc8859adda9668dc4fd584bbb2390bf6c696de5

PODFILE CHECKSUM: c1990926b3115ef550a5921173238889bef305c1

COCOAPODS: 1.9.3
