PODS:
  - GRKOpenSSLFramework (1.0.2.18)
  - themis (0.13.0):
    - themis/themis-openssl (= 0.13.0)
  - themis/themis-openssl (0.13.0):
    - GRKOpenSSLFramework (= 1.0.2.18)
    - themis/themis-openssl/core (= 0.13.0)
    - themis/themis-openssl/objcwrapper (= 0.13.0)
  - themis/themis-openssl/core (0.13.0):
    - GRKOpenSSLFramework (= 1.0.2.18)
  - themis/themis-openssl/objcwrapper (0.13.0):
    - GRKOpenSSLFramework (= 1.0.2.18)
    - themis/themis-openssl/core

DEPENDENCIES:
  - themis (= 0.13.0)

SPEC REPOS:
  https://github.com/CocoaPods/Specs.git:
    - GRKOpenSSLFramework
    - themis

SPEC CHECKSUMS:
  GRKOpenSSLFramework: 1d65e55d569af7b23074373041a92cc8bc768a92
  themis: dd1eaa51265a384b20a4cfbac83326cbb3b1b67c

PODFILE CHECKSUM: 5a28afa13f7293eb555ebf751d8ca8dcc162d03b

COCOAPODS: 1.9.3
