// !$*UTF8*$!
{
	archiveVersion = 1;
	classes = {
	};
	objectVersion = 46;
	objects = {

/* Begin PBXBuildFile section */
		7399813E1CC449010095138F /* AppDelegate.swift in Sources */ = {isa = PBXBuildFile; fileRef = 7399812E1CC449010095138F /* AppDelegate.swift */; };
		7399813F1CC449010095138F /* ViewController.swift in Sources */ = {isa = PBXBuildFile; fileRef = 7399812F1CC449010095138F /* ViewController.swift */; };
		739981401CC449010095138F /* Assets.xcassets in Resources */ = {isa = PBXBuildFile; fileRef = 739981311CC449010095138F /* Assets.xcassets */; };
		739981411CC449010095138F /* LaunchScreen.storyboard in Resources */ = {isa = PBXBuildFile; fileRef = 739981321CC449010095138F /* LaunchScreen.storyboard */; };
		739981421CC449010095138F /* Main.storyboard in Resources */ = {isa = PBXBuildFile; fileRef = 739981341CC449010095138F /* Main.storyboard */; };
		739981431CC449010095138F /* client.priv in Resources */ = {isa = PBXBuildFile; fileRef = 739981371CC449010095138F /* client.priv */; };
		739981441CC449010095138F /* client.pub in Resources */ = {isa = PBXBuildFile; fileRef = 739981381CC449010095138F /* client.pub */; };
		739981451CC449010095138F /* server.priv in Resources */ = {isa = PBXBuildFile; fileRef = 739981391CC449010095138F /* server.priv */; };
		739981461CC449010095138F /* server.pub in Resources */ = {isa = PBXBuildFile; fileRef = 7399813A1CC449010095138F /* server.pub */; };
		83DC8B1FE61C7F489483E7AD /* libPods-ThemisSwift.a in Frameworks */ = {isa = PBXBuildFile; fileRef = 9DAB4E0366AE38CD23E713B8 /* libPods-ThemisSwift.a */; };
/* End PBXBuildFile section */

/* Begin PBXFileReference section */
		4B3A646815D413616EF4CBCA /* Pods-ThemisSwift.debug.xcconfig */ = {isa = PBXFileReference; includeInIndex = 1; lastKnownFileType = text.xcconfig; name = "Pods-ThemisSwift.debug.xcconfig"; path = "../Pods/Target Support Files/Pods-ThemisSwift/Pods-ThemisSwift.debug.xcconfig"; sourceTree = "<group>"; };
		739981171CC42C880095138F /* ThemisSwift.app */ = {isa = PBXFileReference; explicitFileType = wrapper.application; includeInIndex = 0; path = ThemisSwift.app; sourceTree = BUILT_PRODUCTS_DIR; };
		7399812E1CC449010095138F /* AppDelegate.swift */ = {isa = PBXFileReference; fileEncoding = 4; lastKnownFileType = sourcecode.swift; path = AppDelegate.swift; sourceTree = "<group>"; };
		7399812F1CC449010095138F /* ViewController.swift */ = {isa = PBXFileReference; fileEncoding = 4; lastKnownFileType = sourcecode.swift; path = ViewController.swift; sourceTree = "<group>"; };
		739981311CC449010095138F /* Assets.xcassets */ = {isa = PBXFileReference; lastKnownFileType = folder.assetcatalog; path = Assets.xcassets; sourceTree = "<group>"; };
		739981331CC449010095138F /* Base */ = {isa = PBXFileReference; lastKnownFileType = file.storyboard; name = Base; path = Base.lproj/LaunchScreen.storyboard; sourceTree = "<group>"; };
		739981351CC449010095138F /* Base */ = {isa = PBXFileReference; lastKnownFileType = file.storyboard; name = Base; path = Base.lproj/Main.storyboard; sourceTree = "<group>"; };
		739981371CC449010095138F /* client.priv */ = {isa = PBXFileReference; lastKnownFileType = file; path = client.priv; sourceTree = "<group>"; };
		739981381CC449010095138F /* client.pub */ = {isa = PBXFileReference; lastKnownFileType = file; path = client.pub; sourceTree = "<group>"; };
		739981391CC449010095138F /* server.priv */ = {isa = PBXFileReference; lastKnownFileType = file; path = server.priv; sourceTree = "<group>"; };
		7399813A1CC449010095138F /* server.pub */ = {isa = PBXFileReference; lastKnownFileType = file; path = server.pub; sourceTree = "<group>"; };
		739981491CC44ABA0095138F /* Info.plist */ = {isa = PBXFileReference; fileEncoding = 4; lastKnownFileType = text.plist.xml; path = Info.plist; sourceTree = "<group>"; };
		7399814A1CC44ABA0095138F /* ThemisSwift-Bridging-Header.h */ = {isa = PBXFileReference; fileEncoding = 4; lastKnownFileType = sourcecode.c.h; path = "ThemisSwift-Bridging-Header.h"; sourceTree = "<group>"; };
		9D0A6CF711813CB101939D2B /* Pods-ThemisSwift.release.xcconfig */ = {isa = PBXFileReference; includeInIndex = 1; lastKnownFileType = text.xcconfig; name = "Pods-ThemisSwift.release.xcconfig"; path = "../Pods/Target Support Files/Pods-ThemisSwift/Pods-ThemisSwift.release.xcconfig"; sourceTree = "<group>"; };
		9DAB4E0366AE38CD23E713B8 /* libPods-ThemisSwift.a */ = {isa = PBXFileReference; explicitFileType = archive.ar; includeInIndex = 0; path = "libPods-ThemisSwift.a"; sourceTree = BUILT_PRODUCTS_DIR; };
/* End PBXFileReference section */

/* Begin PBXFrameworksBuildPhase section */
		739981141CC42C880095138F /* Frameworks */ = {
			isa = PBXFrameworksBuildPhase;
			buildActionMask = 2147483647;
			files = (
				83DC8B1FE61C7F489483E7AD /* libPods-ThemisSwift.a in Frameworks */,
			);
			runOnlyForDeploymentPostprocessing = 0;
		};
/* End PBXFrameworksBuildPhase section */

/* Begin PBXGroup section */
		28712A225B51304C0F241A6C /* Pods */ = {
			isa = PBXGroup;
			children = (
				4B3A646815D413616EF4CBCA /* Pods-ThemisSwift.debug.xcconfig */,
				9D0A6CF711813CB101939D2B /* Pods-ThemisSwift.release.xcconfig */,
			);
			name = Pods;
			sourceTree = "<group>";
		};
		5861982DA4B9A180D5BD409D /* Frameworks */ = {
			isa = PBXGroup;
			children = (
				9DAB4E0366AE38CD23E713B8 /* libPods-ThemisSwift.a */,
			);
			name = Frameworks;
			sourceTree = "<group>";
		};
		7399810E1CC42C880095138F = {
			isa = PBXGroup;
			children = (
				739981191CC42C880095138F /* ThemisSwift */,
				739981181CC42C880095138F /* Products */,
				28712A225B51304C0F241A6C /* Pods */,
				5861982DA4B9A180D5BD409D /* Frameworks */,
			);
			sourceTree = "<group>";
		};
		739981181CC42C880095138F /* Products */ = {
			isa = PBXGroup;
			children = (
				739981171CC42C880095138F /* ThemisSwift.app */,
			);
			name = Products;
			sourceTree = "<group>";
		};
		739981191CC42C880095138F /* ThemisSwift */ = {
			isa = PBXGroup;
			children = (
				739981481CC44AAE0095138F /* Supporting Files */,
				7399812D1CC449010095138F /* Classes */,
				739981301CC449010095138F /* Resources */,
			);
			path = ThemisSwift;
			sourceTree = "<group>";
		};
		7399812D1CC449010095138F /* Classes */ = {
			isa = PBXGroup;
			children = (
				7399812E1CC449010095138F /* AppDelegate.swift */,
				7399812F1CC449010095138F /* ViewController.swift */,
			);
			path = Classes;
			sourceTree = "<group>";
		};
		739981301CC449010095138F /* Resources */ = {
			isa = PBXGroup;
			children = (
				739981311CC449010095138F /* Assets.xcassets */,
				739981321CC449010095138F /* LaunchScreen.storyboard */,
				739981341CC449010095138F /* Main.storyboard */,
				739981361CC449010095138F /* keys */,
			);
			path = Resources;
			sourceTree = "<group>";
		};
		739981361CC449010095138F /* keys */ = {
			isa = PBXGroup;
			children = (
				739981371CC449010095138F /* client.priv */,
				739981381CC449010095138F /* client.pub */,
				739981391CC449010095138F /* server.priv */,
				7399813A1CC449010095138F /* server.pub */,
			);
			path = keys;
			sourceTree = "<group>";
		};
		739981481CC44AAE0095138F /* Supporting Files */ = {
			isa = PBXGroup;
			children = (
				739981491CC44ABA0095138F /* Info.plist */,
				7399814A1CC44ABA0095138F /* ThemisSwift-Bridging-Header.h */,
			);
			name = "Supporting Files";
			sourceTree = "<group>";
		};
/* End PBXGroup section */

/* Begin PBXNativeTarget section */
		739981161CC42C880095138F /* ThemisSwift */ = {
			isa = PBXNativeTarget;
			buildConfigurationList = 739981291CC42C880095138F /* Build configuration list for PBXNativeTarget "ThemisSwift" */;
			buildPhases = (
				9B3F1FC1825113E142DB3399 /* [CP] Check Pods Manifest.lock */,
				739981131CC42C880095138F /* Sources */,
				739981141CC42C880095138F /* Frameworks */,
				739981151CC42C880095138F /* Resources */,
				73688AFE1CC4504F00D3C430 /* ShellScript */,
				93859D797459BB4BA79B0515 /* [CP] Embed Pods Frameworks */,
				9D6B1CB1E5A9D6720C9D2394 /* [CP] Copy Pods Resources */,
			);
			buildRules = (
			);
			dependencies = (
			);
			name = ThemisSwift;
			productName = ThemisSwift;
			productReference = 739981171CC42C880095138F /* ThemisSwift.app */;
			productType = "com.apple.product-type.application";
		};
/* End PBXNativeTarget section */

/* Begin PBXProject section */
		7399810F1CC42C880095138F /* Project object */ = {
			isa = PBXProject;
			attributes = {
				LastSwiftUpdateCheck = 0730;
				LastUpgradeCheck = 0810;
				ORGANIZATIONNAME = CossackLabs;
				TargetAttributes = {
					739981161CC42C880095138F = {
						CreatedOnToolsVersion = 7.3;
						LastSwiftMigration = 0810;
					};
				};
			};
			buildConfigurationList = 739981121CC42C880095138F /* Build configuration list for PBXProject "ThemisSwift" */;
			compatibilityVersion = "Xcode 3.2";
			developmentRegion = English;
			hasScannedForEncodings = 0;
			knownRegions = (
				en,
				Base,
			);
			mainGroup = 7399810E1CC42C880095138F;
			productRefGroup = 739981181CC42C880095138F /* Products */;
			projectDirPath = "";
			projectRoot = "";
			targets = (
				739981161CC42C880095138F /* ThemisSwift */,
			);
		};
/* End PBXProject section */

/* Begin PBXResourcesBuildPhase section */
		739981151CC42C880095138F /* Resources */ = {
			isa = PBXResourcesBuildPhase;
			buildActionMask = 2147483647;
			files = (
				739981421CC449010095138F /* Main.storyboard in Resources */,
				739981451CC449010095138F /* server.priv in Resources */,
				739981431CC449010095138F /* client.priv in Resources */,
				739981401CC449010095138F /* Assets.xcassets in Resources */,
				739981411CC449010095138F /* LaunchScreen.storyboard in Resources */,
				739981461CC449010095138F /* server.pub in Resources */,
				739981441CC449010095138F /* client.pub in Resources */,
			);
			runOnlyForDeploymentPostprocessing = 0;
		};
/* End PBXResourcesBuildPhase section */

/* Begin PBXShellScriptBuildPhase section */
		73688AFE1CC4504F00D3C430 /* ShellScript */ = {
			isa = PBXShellScriptBuildPhase;
			buildActionMask = 2147483647;
			files = (
			);
			inputPaths = (
			);
			outputPaths = (
			);
			runOnlyForDeploymentPostprocessing = 0;
			shellPath = /bin/sh;
			shellScript = "if which swiftlint >/dev/null; then\n# uncomment for autocorrection\n# swiftlint autocorrect\n    swiftlint lint --quiet\nelse\n    echo \"SwiftLint does not exist, download from https://github.com/realm/SwiftLint\"\nfi";
		};
		93859D797459BB4BA79B0515 /* [CP] Embed Pods Frameworks */ = {
			isa = PBXShellScriptBuildPhase;
			buildActionMask = 2147483647;
			files = (
			);
			inputPaths = (
			);
			name = "[CP] Embed Pods Frameworks";
			outputPaths = (
			);
			runOnlyForDeploymentPostprocessing = 0;
			shellPath = /bin/sh;
			shellScript = "\"${SRCROOT}/../Pods/Target Support Files/Pods-ThemisSwift/Pods-ThemisSwift-frameworks.sh\"\n";
			showEnvVarsInLog = 0;
		};
		9B3F1FC1825113E142DB3399 /* [CP] Check Pods Manifest.lock */ = {
			isa = PBXShellScriptBuildPhase;
			buildActionMask = 2147483647;
			files = (
			);
			inputPaths = (
			);
			name = "[CP] Check Pods Manifest.lock";
			outputPaths = (
			);
			runOnlyForDeploymentPostprocessing = 0;
			shellPath = /bin/sh;
			shellScript = "diff \"${PODS_ROOT}/../Podfile.lock\" \"${PODS_ROOT}/Manifest.lock\" > /dev/null\nif [ $? != 0 ] ; then\n    # print error to STDERR\n    echo \"error: The sandbox is not in sync with the Podfile.lock. Run 'pod install' or update your CocoaPods installation.\" >&2\n    exit 1\nfi\n";
			showEnvVarsInLog = 0;
		};
		9D6B1CB1E5A9D6720C9D2394 /* [CP] Copy Pods Resources */ = {
			isa = PBXShellScriptBuildPhase;
			buildActionMask = 2147483647;
			files = (
			);
			inputPaths = (
			);
			name = "[CP] Copy Pods Resources";
			outputPaths = (
			);
			runOnlyForDeploymentPostprocessing = 0;
			shellPath = /bin/sh;
			shellScript = "\"${SRCROOT}/../Pods/Target Support Files/Pods-ThemisSwift/Pods-ThemisSwift-resources.sh\"\n";
			showEnvVarsInLog = 0;
		};
/* End PBXShellScriptBuildPhase section */

/* Begin PBXSourcesBuildPhase section */
		739981131CC42C880095138F /* Sources */ = {
			isa = PBXSourcesBuildPhase;
			buildActionMask = 2147483647;
			files = (
				7399813F1CC449010095138F /* ViewController.swift in Sources */,
				7399813E1CC449010095138F /* AppDelegate.swift in Sources */,
			);
			runOnlyForDeploymentPostprocessing = 0;
		};
/* End PBXSourcesBuildPhase section */

/* Begin PBXVariantGroup section */
		739981321CC449010095138F /* LaunchScreen.storyboard */ = {
			isa = PBXVariantGroup;
			children = (
				739981331CC449010095138F /* Base */,
			);
			name = LaunchScreen.storyboard;
			sourceTree = "<group>";
		};
		739981341CC449010095138F /* Main.storyboard */ = {
			isa = PBXVariantGroup;
			children = (
				739981351CC449010095138F /* Base */,
			);
			name = Main.storyboard;
			sourceTree = "<group>";
		};
/* End PBXVariantGroup section */

/* Begin XCBuildConfiguration section */
		739981271CC42C880095138F /* Debug */ = {
			isa = XCBuildConfiguration;
			buildSettings = {
				ALWAYS_SEARCH_USER_PATHS = NO;
				CLANG_ANALYZER_NONNULL = YES;
				CLANG_CXX_LANGUAGE_STANDARD = "gnu++0x";
				CLANG_CXX_LIBRARY = "libc++";
				CLANG_ENABLE_MODULES = YES;
				CLANG_ENABLE_OBJC_ARC = YES;
				CLANG_WARN_BOOL_CONVERSION = YES;
				CLANG_WARN_CONSTANT_CONVERSION = YES;
				CLANG_WARN_DIRECT_OBJC_ISA_USAGE = YES_ERROR;
				CLANG_WARN_EMPTY_BODY = YES;
				CLANG_WARN_ENUM_CONVERSION = YES;
				CLANG_WARN_INFINITE_RECURSION = YES;
				CLANG_WARN_INT_CONVERSION = YES;
				CLANG_WARN_OBJC_ROOT_CLASS = YES_ERROR;
				CLANG_WARN_SUSPICIOUS_MOVE = YES;
				CLANG_WARN_UNREACHABLE_CODE = YES;
				CLANG_WARN__DUPLICATE_METHOD_MATCH = YES;
				"CODE_SIGN_IDENTITY[sdk=iphoneos*]" = "iPhone Developer";
				COPY_PHASE_STRIP = NO;
				DEBUG_INFORMATION_FORMAT = dwarf;
				ENABLE_STRICT_OBJC_MSGSEND = YES;
				ENABLE_TESTABILITY = YES;
				GCC_C_LANGUAGE_STANDARD = gnu99;
				GCC_DYNAMIC_NO_PIC = NO;
				GCC_NO_COMMON_BLOCKS = YES;
				GCC_OPTIMIZATION_LEVEL = 0;
				GCC_PREPROCESSOR_DEFINITIONS = (
					"DEBUG=1",
					"$(inherited)",
				);
				GCC_WARN_64_TO_32_BIT_CONVERSION = YES;
				GCC_WARN_ABOUT_RETURN_TYPE = YES_ERROR;
				GCC_WARN_UNDECLARED_SELECTOR = YES;
				GCC_WARN_UNINITIALIZED_AUTOS = YES_AGGRESSIVE;
				GCC_WARN_UNUSED_FUNCTION = YES;
				GCC_WARN_UNUSED_VARIABLE = YES;
				IPHONEOS_DEPLOYMENT_TARGET = 8.0;
				MTL_ENABLE_DEBUG_INFO = YES;
				ONLY_ACTIVE_ARCH = YES;
				SDKROOT = iphoneos;
				SWIFT_OPTIMIZATION_LEVEL = "-Onone";
			};
			name = Debug;
		};
		739981281CC42C880095138F /* Release */ = {
			isa = XCBuildConfiguration;
			buildSettings = {
				ALWAYS_SEARCH_USER_PATHS = NO;
				CLANG_ANALYZER_NONNULL = YES;
				CLANG_CXX_LANGUAGE_STANDARD = "gnu++0x";
				CLANG_CXX_LIBRARY = "libc++";
				CLANG_ENABLE_MODULES = YES;
				CLANG_ENABLE_OBJC_ARC = YES;
				CLANG_WARN_BOOL_CONVERSION = YES;
				CLANG_WARN_CONSTANT_CONVERSION = YES;
				CLANG_WARN_DIRECT_OBJC_ISA_USAGE = YES_ERROR;
				CLANG_WARN_EMPTY_BODY = YES;
				CLANG_WARN_ENUM_CONVERSION = YES;
				CLANG_WARN_INFINITE_RECURSION = YES;
				CLANG_WARN_INT_CONVERSION = YES;
				CLANG_WARN_OBJC_ROOT_CLASS = YES_ERROR;
				CLANG_WARN_SUSPICIOUS_MOVE = YES;
				CLANG_WARN_UNREACHABLE_CODE = YES;
				CLANG_WARN__DUPLICATE_METHOD_MATCH = YES;
				"CODE_SIGN_IDENTITY[sdk=iphoneos*]" = "iPhone Developer";
				COPY_PHASE_STRIP = NO;
				DEBUG_INFORMATION_FORMAT = "dwarf-with-dsym";
				ENABLE_NS_ASSERTIONS = NO;
				ENABLE_STRICT_OBJC_MSGSEND = YES;
				GCC_C_LANGUAGE_STANDARD = gnu99;
				GCC_NO_COMMON_BLOCKS = YES;
				GCC_WARN_64_TO_32_BIT_CONVERSION = YES;
				GCC_WARN_ABOUT_RETURN_TYPE = YES_ERROR;
				GCC_WARN_UNDECLARED_SELECTOR = YES;
				GCC_WARN_UNINITIALIZED_AUTOS = YES_AGGRESSIVE;
				GCC_WARN_UNUSED_FUNCTION = YES;
				GCC_WARN_UNUSED_VARIABLE = YES;
				IPHONEOS_DEPLOYMENT_TARGET = 8.0;
				MTL_ENABLE_DEBUG_INFO = NO;
				SDKROOT = iphoneos;
				SWIFT_OPTIMIZATION_LEVEL = "-Owholemodule";
				VALIDATE_PRODUCT = YES;
			};
			name = Release;
		};
		7399812A1CC42C880095138F /* Debug */ = {
			isa = XCBuildConfiguration;
			baseConfigurationReference = 4B3A646815D413616EF4CBCA /* Pods-ThemisSwift.debug.xcconfig */;
			buildSettings = {
				ASSETCATALOG_COMPILER_APPICON_NAME = AppIcon;
				INFOPLIST_FILE = "$(SRCROOT)/ThemisSwift/Info.plist";
				IPHONEOS_DEPLOYMENT_TARGET = 8.0;
				LD_RUNPATH_SEARCH_PATHS = "$(inherited) @executable_path/Frameworks";
				PRODUCT_BUNDLE_IDENTIFIER = com.cossacklabs.ThemisSwift;
				PRODUCT_NAME = "$(TARGET_NAME)";
				SWIFT_OBJC_BRIDGING_HEADER = "$(SRCROOT)/$(PROJECT_NAME)/ThemisSwift-Bridging-Header.h";
				SWIFT_VERSION = 3.0;
			};
			name = Debug;
		};
		7399812B1CC42C880095138F /* Release */ = {
			isa = XCBuildConfiguration;
			baseConfigurationReference = 9D0A6CF711813CB101939D2B /* Pods-ThemisSwift.release.xcconfig */;
			buildSettings = {
				ASSETCATALOG_COMPILER_APPICON_NAME = AppIcon;
				INFOPLIST_FILE = "$(SRCROOT)/ThemisSwift/Info.plist";
				IPHONEOS_DEPLOYMENT_TARGET = 8.0;
				LD_RUNPATH_SEARCH_PATHS = "$(inherited) @executable_path/Frameworks";
				PRODUCT_BUNDLE_IDENTIFIER = com.cossacklabs.ThemisSwift;
				PRODUCT_NAME = "$(TARGET_NAME)";
				SWIFT_OBJC_BRIDGING_HEADER = "$(SRCROOT)/$(PROJECT_NAME)/ThemisSwift-Bridging-Header.h";
				SWIFT_VERSION = 3.0;
			};
			name = Release;
		};
/* End XCBuildConfiguration section */

/* Begin XCConfigurationList section */
		739981121CC42C880095138F /* Build configuration list for PBXProject "ThemisSwift" */ = {
			isa = XCConfigurationList;
			buildConfigurations = (
				739981271CC42C880095138F /* Debug */,
				739981281CC42C880095138F /* Release */,
			);
			defaultConfigurationIsVisible = 0;
			defaultConfigurationName = Release;
		};
		739981291CC42C880095138F /* Build configuration list for PBXNativeTarget "ThemisSwift" */ = {
			isa = XCConfigurationList;
			buildConfigurations = (
				7399812A1CC42C880095138F /* Debug */,
				7399812B1CC42C880095138F /* Release */,
			);
			defaultConfigurationIsVisible = 0;
			defaultConfigurationName = Release;
		};
/* End XCConfigurationList section */
	};
	rootObject = 7399810F1CC42C880095138F /* Project object */;
}
