PODS:
  - CLOpenSSL-XCF (1.1.12201)
  - themis (0.15.1):
    - themis/openssl-1.1.1 (= 0.15.1)
  - themis/openssl-1.1.1 (0.15.1):
    - CLOpenSSL-XCF (= 1.1.12201)
    - themis/openssl-1.1.1/core (= 0.15.1)
    - themis/openssl-1.1.1/objcwrapper (= 0.15.1)
  - themis/openssl-1.1.1/core (0.15.1):
    - CLOpenSSL-XCF (= 1.1.12201)
  - themis/openssl-1.1.1/objcwrapper (0.15.1):
    - CLOpenSSL-XCF (= 1.1.12201)
    - themis/openssl-1.1.1/core

DEPENDENCIES:
  - themis (= 0.15.1)

SPEC REPOS:
  trunk:
    - CLOpenSSL-XCF
    - themis

SPEC CHECKSUMS:
  CLOpenSSL-XCF: e2a7aaaa5b72683e1b52f168272f3f5eeec02446
  themis: e26d27e3889c07bddebad32ea98b0e502020d82a

PODFILE CHECKSUM: b415dfb4d230ccd5775f41ad7fe3c2193f5e0e3b

COCOAPODS: 1.12.1
