// !$*UTF8*$!
{
	archiveVersion = 1;
	classes = {
	};
	objectVersion = 46;
	objects = {

/* Begin PBXBuildFile section */
		192EA5AC10DE427B42E8E011 /* server.pub in Resources */ = {isa = PBXBuildFile; fileRef = 192EA533E67AA52864927032 /* server.pub */; };
		192EA5CA389EB2FC84677E13 /* client.pub in Resources */ = {isa = PBXBuildFile; fileRef = 192EA61539E5DA001A808B56 /* client.pub */; };
		192EA8EBD7208E756BFFCD3E /* client.priv in Resources */ = {isa = PBXBuildFile; fileRef = 192EAEE7A8A8277025A0F60C /* client.priv */; };
		192EACACC1C841554F9EB9D9 /* server.priv in Resources */ = {isa = PBXBuildFile; fileRef = 192EA2F8AFB4D5A59D33DCE6 /* server.priv */; };
		73156E061ADBDE7900E3E520 /* LaunchScreen.xib in Resources */ = {isa = PBXBuildFile; fileRef = 73156E021ADBDE7900E3E520 /* LaunchScreen.xib */; };
		73156E071ADBDE7900E3E520 /* Main.storyboard in Resources */ = {isa = PBXBuildFile; fileRef = 73156E041ADBDE7900E3E520 /* Main.storyboard */; };
		73156E141ADBDF0800E3E520 /* AppDelegate.m in Sources */ = {isa = PBXBuildFile; fileRef = 73156E0E1ADBDF0800E3E520 /* AppDelegate.m */; };
		73156E151ADBDF0800E3E520 /* ViewController.m in Sources */ = {isa = PBXBuildFile; fileRef = 73156E131ADBDF0800E3E520 /* ViewController.m */; };
		73156E171ADBDF0F00E3E520 /* Images.xcassets in Resources */ = {isa = PBXBuildFile; fileRef = 73156E161ADBDF0F00E3E520 /* Images.xcassets */; };
		731624981ADB174200972A7A /* main.m in Sources */ = {isa = PBXBuildFile; fileRef = 731624971ADB174200972A7A /* main.m */; };
		731624B21ADB174200972A7A /* ThemisTestTests.m in Sources */ = {isa = PBXBuildFile; fileRef = 731624B11ADB174200972A7A /* ThemisTestTests.m */; };
		B9125680B2DA27B972AD63F3 /* libPods-ThemisTest.a in Frameworks */ = {isa = PBXBuildFile; fileRef = A04F657B1C1E749D95960504 /* libPods-ThemisTest.a */; };
/* End PBXBuildFile section */

/* Begin PBXContainerItemProxy section */
		731624AC1ADB174200972A7A /* PBXContainerItemProxy */ = {
			isa = PBXContainerItemProxy;
			containerPortal = 7316248A1ADB174200972A7A /* Project object */;
			proxyType = 1;
			remoteGlobalIDString = 731624911ADB174200972A7A;
			remoteInfo = ThemisTest;
		};
/* End PBXContainerItemProxy section */

/* Begin PBXFileReference section */
		07942F6CC1B61880754D29CA /* Pods-ThemisTest.release.xcconfig */ = {isa = PBXFileReference; includeInIndex = 1; lastKnownFileType = text.xcconfig; name = "Pods-ThemisTest.release.xcconfig"; path = "../Pods/Target Support Files/Pods-ThemisTest/Pods-ThemisTest.release.xcconfig"; sourceTree = "<group>"; };
		192EA2F8AFB4D5A59D33DCE6 /* server.priv */ = {isa = PBXFileReference; lastKnownFileType = file.priv; path = server.priv; sourceTree = "<group>"; };
		192EA533E67AA52864927032 /* server.pub */ = {isa = PBXFileReference; lastKnownFileType = file.pub; path = server.pub; sourceTree = "<group>"; };
		192EA61539E5DA001A808B56 /* client.pub */ = {isa = PBXFileReference; lastKnownFileType = file.pub; path = client.pub; sourceTree = "<group>"; };
		192EAEE7A8A8277025A0F60C /* client.priv */ = {isa = PBXFileReference; lastKnownFileType = file.priv; path = client.priv; sourceTree = "<group>"; };
		23DCB6C3E82E2874E66341C0 /* Pods-ThemisTest.debug.xcconfig */ = {isa = PBXFileReference; includeInIndex = 1; lastKnownFileType = text.xcconfig; name = "Pods-ThemisTest.debug.xcconfig"; path = "../Pods/Target Support Files/Pods-ThemisTest/Pods-ThemisTest.debug.xcconfig"; sourceTree = "<group>"; };
		73156E031ADBDE7900E3E520 /* Base */ = {isa = PBXFileReference; lastKnownFileType = file.xib; name = Base; path = LaunchScreen.xib; sourceTree = "<group>"; };
		73156E051ADBDE7900E3E520 /* Base */ = {isa = PBXFileReference; lastKnownFileType = file.storyboard; name = Base; path = Main.storyboard; sourceTree = "<group>"; };
		73156E0D1ADBDF0800E3E520 /* AppDelegate.h */ = {isa = PBXFileReference; fileEncoding = 4; lastKnownFileType = sourcecode.c.h; path = AppDelegate.h; sourceTree = "<group>"; };
		73156E0E1ADBDF0800E3E520 /* AppDelegate.m */ = {isa = PBXFileReference; fileEncoding = 4; lastKnownFileType = sourcecode.c.objc; path = AppDelegate.m; sourceTree = "<group>"; };
		73156E121ADBDF0800E3E520 /* ViewController.h */ = {isa = PBXFileReference; fileEncoding = 4; lastKnownFileType = sourcecode.c.h; path = ViewController.h; sourceTree = "<group>"; };
		73156E131ADBDF0800E3E520 /* ViewController.m */ = {isa = PBXFileReference; fileEncoding = 4; lastKnownFileType = sourcecode.c.objc; path = ViewController.m; sourceTree = "<group>"; };
		73156E161ADBDF0F00E3E520 /* Images.xcassets */ = {isa = PBXFileReference; lastKnownFileType = folder.assetcatalog; path = Images.xcassets; sourceTree = "<group>"; };
		731624921ADB174200972A7A /* ThemisTest.app */ = {isa = PBXFileReference; explicitFileType = wrapper.application; includeInIndex = 0; path = ThemisTest.app; sourceTree = BUILT_PRODUCTS_DIR; };
		731624961ADB174200972A7A /* Info.plist */ = {isa = PBXFileReference; lastKnownFileType = text.plist.xml; path = Info.plist; sourceTree = "<group>"; };
		731624971ADB174200972A7A /* main.m */ = {isa = PBXFileReference; lastKnownFileType = sourcecode.c.objc; path = main.m; sourceTree = "<group>"; };
		731624AB1ADB174200972A7A /* ThemisTestTests.xctest */ = {isa = PBXFileReference; explicitFileType = wrapper.cfbundle; includeInIndex = 0; path = ThemisTestTests.xctest; sourceTree = BUILT_PRODUCTS_DIR; };
		731624B01ADB174200972A7A /* Info.plist */ = {isa = PBXFileReference; lastKnownFileType = text.plist.xml; path = Info.plist; sourceTree = "<group>"; };
		731624B11ADB174200972A7A /* ThemisTestTests.m */ = {isa = PBXFileReference; lastKnownFileType = sourcecode.c.objc; path = ThemisTestTests.m; sourceTree = "<group>"; };
		738D1E7F1ADBBEBB00661F4A /* libobjcthemis.a */ = {isa = PBXFileReference; lastKnownFileType = archive.ar; name = libobjcthemis.a; path = ../themis/objcthemis/ios/lib/libobjcthemis.a; sourceTree = "<group>"; };
		A04F657B1C1E749D95960504 /* libPods-ThemisTest.a */ = {isa = PBXFileReference; explicitFileType = archive.ar; includeInIndex = 0; path = "libPods-ThemisTest.a"; sourceTree = BUILT_PRODUCTS_DIR; };
/* End PBXFileReference section */

/* Begin PBXFrameworksBuildPhase section */
		7316248F1ADB174200972A7A /* Frameworks */ = {
			isa = PBXFrameworksBuildPhase;
			buildActionMask = 2147483647;
			files = (
				B9125680B2DA27B972AD63F3 /* libPods-ThemisTest.a in Frameworks */,
			);
			runOnlyForDeploymentPostprocessing = 0;
		};
		731624A81ADB174200972A7A /* Frameworks */ = {
			isa = PBXFrameworksBuildPhase;
			buildActionMask = 2147483647;
			files = (
			);
			runOnlyForDeploymentPostprocessing = 0;
		};
/* End PBXFrameworksBuildPhase section */

/* Begin PBXGroup section */
		192EABCD57748732F88EA8D1 /* keys */ = {
			isa = PBXGroup;
			children = (
				192EA61539E5DA001A808B56 /* client.pub */,
				192EA533E67AA52864927032 /* server.pub */,
				192EAEE7A8A8277025A0F60C /* client.priv */,
				192EA2F8AFB4D5A59D33DCE6 /* server.priv */,
			);
			path = keys;
			sourceTree = "<group>";
		};
		192EAE1C306187257C760ED9 /* Resources */ = {
			isa = PBXGroup;
			children = (
				73156E021ADBDE7900E3E520 /* LaunchScreen.xib */,
				73156E161ADBDF0F00E3E520 /* Images.xcassets */,
				73156E041ADBDE7900E3E520 /* Main.storyboard */,
				192EABCD57748732F88EA8D1 /* keys */,
			);
			path = Resources;
			sourceTree = "<group>";
		};
		1F5F881BD0CD342D1E9B9E25 /* Frameworks */ = {
			isa = PBXGroup;
			children = (
				738D1E7F1ADBBEBB00661F4A /* libobjcthemis.a */,
				A04F657B1C1E749D95960504 /* libPods-ThemisTest.a */,
			);
			name = Frameworks;
			sourceTree = "<group>";
		};
		73156E0C1ADBDF0800E3E520 /* Classes */ = {
			isa = PBXGroup;
			children = (
				73156E0D1ADBDF0800E3E520 /* AppDelegate.h */,
				73156E0E1ADBDF0800E3E520 /* AppDelegate.m */,
				73156E121ADBDF0800E3E520 /* ViewController.h */,
				73156E131ADBDF0800E3E520 /* ViewController.m */,
			);
			path = Classes;
			sourceTree = "<group>";
		};
		731624891ADB174200972A7A = {
			isa = PBXGroup;
			children = (
				731624941ADB174200972A7A /* ThemisTest */,
				731624AE1ADB174200972A7A /* ThemisTestTests */,
				731624931ADB174200972A7A /* Products */,
				1F5F881BD0CD342D1E9B9E25 /* Frameworks */,
				EE7A4887DE2D36ADF28090BA /* Pods */,
			);
			sourceTree = "<group>";
		};
		731624931ADB174200972A7A /* Products */ = {
			isa = PBXGroup;
			children = (
				731624921ADB174200972A7A /* ThemisTest.app */,
				731624AB1ADB174200972A7A /* ThemisTestTests.xctest */,
			);
			name = Products;
			sourceTree = "<group>";
		};
		731624941ADB174200972A7A /* ThemisTest */ = {
			isa = PBXGroup;
			children = (
				73156E0C1ADBDF0800E3E520 /* Classes */,
				731624951ADB174200972A7A /* Supporting Files */,
				192EAE1C306187257C760ED9 /* Resources */,
			);
			path = ThemisTest;
			sourceTree = "<group>";
		};
		731624951ADB174200972A7A /* Supporting Files */ = {
			isa = PBXGroup;
			children = (
				731624961ADB174200972A7A /* Info.plist */,
				731624971ADB174200972A7A /* main.m */,
			);
			name = "Supporting Files";
			sourceTree = "<group>";
		};
		731624AE1ADB174200972A7A /* ThemisTestTests */ = {
			isa = PBXGroup;
			children = (
				731624B11ADB174200972A7A /* ThemisTestTests.m */,
				731624AF1ADB174200972A7A /* Supporting Files */,
			);
			path = ThemisTestTests;
			sourceTree = "<group>";
		};
		731624AF1ADB174200972A7A /* Supporting Files */ = {
			isa = PBXGroup;
			children = (
				731624B01ADB174200972A7A /* Info.plist */,
			);
			name = "Supporting Files";
			sourceTree = "<group>";
		};
		EE7A4887DE2D36ADF28090BA /* Pods */ = {
			isa = PBXGroup;
			children = (
				23DCB6C3E82E2874E66341C0 /* Pods-ThemisTest.debug.xcconfig */,
				07942F6CC1B61880754D29CA /* Pods-ThemisTest.release.xcconfig */,
			);
			name = Pods;
			sourceTree = "<group>";
		};
/* End PBXGroup section */

/* Begin PBXNativeTarget section */
		731624911ADB174200972A7A /* ThemisTest */ = {
			isa = PBXNativeTarget;
			buildConfigurationList = 731624B51ADB174200972A7A /* Build configuration list for PBXNativeTarget "ThemisTest" */;
			buildPhases = (
				5A03A2C6332EB739A9520077 /* [CP] Check Pods Manifest.lock */,
				7316248E1ADB174200972A7A /* Sources */,
				7316248F1ADB174200972A7A /* Frameworks */,
				731624901ADB174200972A7A /* Resources */,
				3F28ADD85402995771984882 /* [CP] Embed Pods Frameworks */,
				2CF5DFDFCB1A00767DB55753 /* [CP] Copy Pods Resources */,
			);
			buildRules = (
			);
			dependencies = (
			);
			name = ThemisTest;
			productName = ThemisTest;
			productReference = 731624921ADB174200972A7A /* ThemisTest.app */;
			productType = "com.apple.product-type.application";
		};
		731624AA1ADB174200972A7A /* ThemisTestTests */ = {
			isa = PBXNativeTarget;
			buildConfigurationList = 731624B81ADB174200972A7A /* Build configuration list for PBXNativeTarget "ThemisTestTests" */;
			buildPhases = (
				731624A71ADB174200972A7A /* Sources */,
				731624A81ADB174200972A7A /* Frameworks */,
				731624A91ADB174200972A7A /* Resources */,
			);
			buildRules = (
			);
			dependencies = (
				731624AD1ADB174200972A7A /* PBXTargetDependency */,
			);
			name = ThemisTestTests;
			productName = ThemisTestTests;
			productReference = 731624AB1ADB174200972A7A /* ThemisTestTests.xctest */;
			productType = "com.apple.product-type.bundle.unit-test";
		};
/* End PBXNativeTarget section */

/* Begin PBXProject section */
		7316248A1ADB174200972A7A /* Project object */ = {
			isa = PBXProject;
			attributes = {
				LastUpgradeCheck = 0810;
				ORGANIZATIONNAME = "Cossack Labs";
				TargetAttributes = {
					731624911ADB174200972A7A = {
						CreatedOnToolsVersion = 6.3;
					};
					731624AA1ADB174200972A7A = {
						CreatedOnToolsVersion = 6.3;
						TestTargetID = 731624911ADB174200972A7A;
					};
				};
			};
			buildConfigurationList = 7316248D1ADB174200972A7A /* Build configuration list for PBXProject "ThemisTest" */;
			compatibilityVersion = "Xcode 3.2";
			developmentRegion = English;
			hasScannedForEncodings = 0;
			knownRegions = (
				en,
				Base,
			);
			mainGroup = 731624891ADB174200972A7A;
			productRefGroup = 731624931ADB174200972A7A /* Products */;
			projectDirPath = "";
			projectRoot = "";
			targets = (
				731624911ADB174200972A7A /* ThemisTest */,
				731624AA1ADB174200972A7A /* ThemisTestTests */,
			);
		};
/* End PBXProject section */

/* Begin PBXResourcesBuildPhase section */
		731624901ADB174200972A7A /* Resources */ = {
			isa = PBXResourcesBuildPhase;
			buildActionMask = 2147483647;
			files = (
				73156E071ADBDE7900E3E520 /* Main.storyboard in Resources */,
				192EA5CA389EB2FC84677E13 /* client.pub in Resources */,
				73156E171ADBDF0F00E3E520 /* Images.xcassets in Resources */,
				192EA5AC10DE427B42E8E011 /* server.pub in Resources */,
				192EA8EBD7208E756BFFCD3E /* client.priv in Resources */,
				73156E061ADBDE7900E3E520 /* LaunchScreen.xib in Resources */,
				192EACACC1C841554F9EB9D9 /* server.priv in Resources */,
			);
			runOnlyForDeploymentPostprocessing = 0;
		};
		731624A91ADB174200972A7A /* Resources */ = {
			isa = PBXResourcesBuildPhase;
			buildActionMask = 2147483647;
			files = (
			);
			runOnlyForDeploymentPostprocessing = 0;
		};
/* End PBXResourcesBuildPhase section */

/* Begin PBXShellScriptBuildPhase section */
		2CF5DFDFCB1A00767DB55753 /* [CP] Copy Pods Resources */ = {
			isa = PBXShellScriptBuildPhase;
			buildActionMask = 2147483647;
			files = (
			);
			inputPaths = (
			);
			name = "[CP] Copy Pods Resources";
			outputPaths = (
			);
			runOnlyForDeploymentPostprocessing = 0;
			shellPath = /bin/sh;
			shellScript = "\"${SRCROOT}/../Pods/Target Support Files/Pods-ThemisTest/Pods-ThemisTest-resources.sh\"\n";
			showEnvVarsInLog = 0;
		};
		3F28ADD85402995771984882 /* [CP] Embed Pods Frameworks */ = {
			isa = PBXShellScriptBuildPhase;
			buildActionMask = 2147483647;
			files = (
			);
			inputPaths = (
			);
			name = "[CP] Embed Pods Frameworks";
			outputPaths = (
			);
			runOnlyForDeploymentPostprocessing = 0;
			shellPath = /bin/sh;
			shellScript = "\"${SRCROOT}/../Pods/Target Support Files/Pods-ThemisTest/Pods-ThemisTest-frameworks.sh\"\n";
			showEnvVarsInLog = 0;
		};
		5A03A2C6332EB739A9520077 /* [CP] Check Pods Manifest.lock */ = {
			isa = PBXShellScriptBuildPhase;
			buildActionMask = 2147483647;
			files = (
			);
			inputPaths = (
			);
			name = "[CP] Check Pods Manifest.lock";
			outputPaths = (
			);
			runOnlyForDeploymentPostprocessing = 0;
			shellPath = /bin/sh;
			shellScript = "diff \"${PODS_ROOT}/../Podfile.lock\" \"${PODS_ROOT}/Manifest.lock\" > /dev/null\nif [ $? != 0 ] ; then\n    # print error to STDERR\n    echo \"error: The sandbox is not in sync with the Podfile.lock. Run \'pod install\' or update your CocoaPods installation.\" >&2\n    exit 1\nfi\n";
			showEnvVarsInLog = 0;
		};
/* End PBXShellScriptBuildPhase section */

/* Begin PBXSourcesBuildPhase section */
		7316248E1ADB174200972A7A /* Sources */ = {
			isa = PBXSourcesBuildPhase;
			buildActionMask = 2147483647;
			files = (
				73156E151ADBDF0800E3E520 /* ViewController.m in Sources */,
				73156E141ADBDF0800E3E520 /* AppDelegate.m in Sources */,
				731624981ADB174200972A7A /* main.m in Sources */,
			);
			runOnlyForDeploymentPostprocessing = 0;
		};
		731624A71ADB174200972A7A /* Sources */ = {
			isa = PBXSourcesBuildPhase;
			buildActionMask = 2147483647;
			files = (
				731624B21ADB174200972A7A /* ThemisTestTests.m in Sources */,
			);
			runOnlyForDeploymentPostprocessing = 0;
		};
/* End PBXSourcesBuildPhase section */

/* Begin PBXTargetDependency section */
		731624AD1ADB174200972A7A /* PBXTargetDependency */ = {
			isa = PBXTargetDependency;
			target = 731624911ADB174200972A7A /* ThemisTest */;
			targetProxy = 731624AC1ADB174200972A7A /* PBXContainerItemProxy */;
		};
/* End PBXTargetDependency section */

/* Begin PBXVariantGroup section */
		73156E021ADBDE7900E3E520 /* LaunchScreen.xib */ = {
			isa = PBXVariantGroup;
			children = (
				73156E031ADBDE7900E3E520 /* Base */,
			);
			name = LaunchScreen.xib;
			path = Base.lproj;
			sourceTree = "<group>";
		};
		73156E041ADBDE7900E3E520 /* Main.storyboard */ = {
			isa = PBXVariantGroup;
			children = (
				73156E051ADBDE7900E3E520 /* Base */,
			);
			name = Main.storyboard;
			path = Base.lproj;
			sourceTree = "<group>";
		};
/* End PBXVariantGroup section */

/* Begin XCBuildConfiguration section */
		731624B31ADB174200972A7A /* Debug */ = {
			isa = XCBuildConfiguration;
			buildSettings = {
				ALWAYS_SEARCH_USER_PATHS = NO;
				CLANG_CXX_LANGUAGE_STANDARD = "gnu++0x";
				CLANG_CXX_LIBRARY = "libc++";
				CLANG_ENABLE_MODULES = YES;
				CLANG_ENABLE_OBJC_ARC = YES;
				CLANG_WARN_BOOL_CONVERSION = YES;
				CLANG_WARN_CONSTANT_CONVERSION = YES;
				CLANG_WARN_DIRECT_OBJC_ISA_USAGE = YES_ERROR;
				CLANG_WARN_EMPTY_BODY = YES;
				CLANG_WARN_ENUM_CONVERSION = YES;
				CLANG_WARN_INFINITE_RECURSION = YES;
				CLANG_WARN_INT_CONVERSION = YES;
				CLANG_WARN_OBJC_ROOT_CLASS = YES_ERROR;
				CLANG_WARN_SUSPICIOUS_MOVE = YES;
				CLANG_WARN_UNREACHABLE_CODE = YES;
				CLANG_WARN__DUPLICATE_METHOD_MATCH = YES;
				"CODE_SIGN_IDENTITY[sdk=iphoneos*]" = "iPhone Developer";
				COPY_PHASE_STRIP = NO;
				DEBUG_INFORMATION_FORMAT = "dwarf-with-dsym";
				ENABLE_STRICT_OBJC_MSGSEND = YES;
				ENABLE_TESTABILITY = YES;
				GCC_C_LANGUAGE_STANDARD = gnu99;
				GCC_DYNAMIC_NO_PIC = NO;
				GCC_NO_COMMON_BLOCKS = YES;
				GCC_OPTIMIZATION_LEVEL = 0;
				GCC_PREPROCESSOR_DEFINITIONS = (
					"DEBUG=1",
					"$(inherited)",
				);
				GCC_SYMBOLS_PRIVATE_EXTERN = NO;
				GCC_WARN_64_TO_32_BIT_CONVERSION = YES;
				GCC_WARN_ABOUT_RETURN_TYPE = YES_ERROR;
				GCC_WARN_UNDECLARED_SELECTOR = YES;
				GCC_WARN_UNINITIALIZED_AUTOS = YES_AGGRESSIVE;
				GCC_WARN_UNUSED_FUNCTION = YES;
				GCC_WARN_UNUSED_VARIABLE = YES;
				IPHONEOS_DEPLOYMENT_TARGET = 8.0;
				MTL_ENABLE_DEBUG_INFO = YES;
				ONLY_ACTIVE_ARCH = YES;
				SDKROOT = iphoneos;
			};
			name = Debug;
		};
		731624B41ADB174200972A7A /* Release */ = {
			isa = XCBuildConfiguration;
			buildSettings = {
				ALWAYS_SEARCH_USER_PATHS = NO;
				CLANG_CXX_LANGUAGE_STANDARD = "gnu++0x";
				CLANG_CXX_LIBRARY = "libc++";
				CLANG_ENABLE_MODULES = YES;
				CLANG_ENABLE_OBJC_ARC = YES;
				CLANG_WARN_BOOL_CONVERSION = YES;
				CLANG_WARN_CONSTANT_CONVERSION = YES;
				CLANG_WARN_DIRECT_OBJC_ISA_USAGE = YES_ERROR;
				CLANG_WARN_EMPTY_BODY = YES;
				CLANG_WARN_ENUM_CONVERSION = YES;
				CLANG_WARN_INFINITE_RECURSION = YES;
				CLANG_WARN_INT_CONVERSION = YES;
				CLANG_WARN_OBJC_ROOT_CLASS = YES_ERROR;
				CLANG_WARN_SUSPICIOUS_MOVE = YES;
				CLANG_WARN_UNREACHABLE_CODE = YES;
				CLANG_WARN__DUPLICATE_METHOD_MATCH = YES;
				"CODE_SIGN_IDENTITY[sdk=iphoneos*]" = "iPhone Developer";
				COPY_PHASE_STRIP = NO;
				DEBUG_INFORMATION_FORMAT = "dwarf-with-dsym";
				ENABLE_NS_ASSERTIONS = NO;
				ENABLE_STRICT_OBJC_MSGSEND = YES;
				GCC_C_LANGUAGE_STANDARD = gnu99;
				GCC_NO_COMMON_BLOCKS = YES;
				GCC_WARN_64_TO_32_BIT_CONVERSION = YES;
				GCC_WARN_ABOUT_RETURN_TYPE = YES_ERROR;
				GCC_WARN_UNDECLARED_SELECTOR = YES;
				GCC_WARN_UNINITIALIZED_AUTOS = YES_AGGRESSIVE;
				GCC_WARN_UNUSED_FUNCTION = YES;
				GCC_WARN_UNUSED_VARIABLE = YES;
				IPHONEOS_DEPLOYMENT_TARGET = 8.0;
				MTL_ENABLE_DEBUG_INFO = NO;
				SDKROOT = iphoneos;
				VALIDATE_PRODUCT = YES;
			};
			name = Release;
		};
		731624B61ADB174200972A7A /* Debug */ = {
			isa = XCBuildConfiguration;
			baseConfigurationReference = 23DCB6C3E82E2874E66341C0 /* Pods-ThemisTest.debug.xcconfig */;
			buildSettings = {
				ASSETCATALOG_COMPILER_APPICON_NAME = AppIcon;
				CODE_SIGN_IDENTITY = "iPhone Developer";
				INFOPLIST_FILE = ThemisTest/Info.plist;
				IPHONEOS_DEPLOYMENT_TARGET = 8.0;
				LD_RUNPATH_SEARCH_PATHS = "$(inherited) @executable_path/Frameworks";
				LIBRARY_SEARCH_PATHS = "$(inherited)";
				PRODUCT_BUNDLE_IDENTIFIER = "com.cossacklabs.$(PRODUCT_NAME:rfc1034identifier)";
				PRODUCT_NAME = "$(TARGET_NAME)";
			};
			name = Debug;
		};
		731624B71ADB174200972A7A /* Release */ = {
			isa = XCBuildConfiguration;
			baseConfigurationReference = 07942F6CC1B61880754D29CA /* Pods-ThemisTest.release.xcconfig */;
			buildSettings = {
				ASSETCATALOG_COMPILER_APPICON_NAME = AppIcon;
				CODE_SIGN_IDENTITY = "iPhone Developer";
				INFOPLIST_FILE = ThemisTest/Info.plist;
				IPHONEOS_DEPLOYMENT_TARGET = 8.0;
				LD_RUNPATH_SEARCH_PATHS = "$(inherited) @executable_path/Frameworks";
				LIBRARY_SEARCH_PATHS = "$(inherited)";
				PRODUCT_BUNDLE_IDENTIFIER = "com.cossacklabs.$(PRODUCT_NAME:rfc1034identifier)";
				PRODUCT_NAME = "$(TARGET_NAME)";
			};
			name = Release;
		};
		731624B91ADB174200972A7A /* Debug */ = {
			isa = XCBuildConfiguration;
			buildSettings = {
				BUNDLE_LOADER = "$(TEST_HOST)";
				FRAMEWORK_SEARCH_PATHS = (
					"$(SDKROOT)/Developer/Library/Frameworks",
					"$(inherited)",
				);
				GCC_PREPROCESSOR_DEFINITIONS = (
					"DEBUG=1",
					"$(inherited)",
				);
				INFOPLIST_FILE = ThemisTestTests/Info.plist;
				LD_RUNPATH_SEARCH_PATHS = "$(inherited) @executable_path/Frameworks @loader_path/Frameworks";
				PRODUCT_BUNDLE_IDENTIFIER = "com.cossacklabs.$(PRODUCT_NAME:rfc1034identifier)";
				PRODUCT_NAME = "$(TARGET_NAME)";
				TEST_HOST = "$(BUILT_PRODUCTS_DIR)/ThemisTest.app/ThemisTest";
			};
			name = Debug;
		};
		731624BA1ADB174200972A7A /* Release */ = {
			isa = XCBuildConfiguration;
			buildSettings = {
				BUNDLE_LOADER = "$(TEST_HOST)";
				FRAMEWORK_SEARCH_PATHS = (
					"$(SDKROOT)/Developer/Library/Frameworks",
					"$(inherited)",
				);
				INFOPLIST_FILE = ThemisTestTests/Info.plist;
				LD_RUNPATH_SEARCH_PATHS = "$(inherited) @executable_path/Frameworks @loader_path/Frameworks";
				PRODUCT_BUNDLE_IDENTIFIER = "com.cossacklabs.$(PRODUCT_NAME:rfc1034identifier)";
				PRODUCT_NAME = "$(TARGET_NAME)";
				TEST_HOST = "$(BUILT_PRODUCTS_DIR)/ThemisTest.app/ThemisTest";
			};
			name = Release;
		};
/* End XCBuildConfiguration section */

/* Begin XCConfigurationList section */
		7316248D1ADB174200972A7A /* Build configuration list for PBXProject "ThemisTest" */ = {
			isa = XCConfigurationList;
			buildConfigurations = (
				731624B31ADB174200972A7A /* Debug */,
				731624B41ADB174200972A7A /* Release */,
			);
			defaultConfigurationIsVisible = 0;
			defaultConfigurationName = Release;
		};
		731624B51ADB174200972A7A /* Build configuration list for PBXNativeTarget "ThemisTest" */ = {
			isa = XCConfigurationList;
			buildConfigurations = (
				731624B61ADB174200972A7A /* Debug */,
				731624B71ADB174200972A7A /* Release */,
			);
			defaultConfigurationIsVisible = 0;
			defaultConfigurationName = Release;
		};
		731624B81ADB174200972A7A /* Build configuration list for PBXNativeTarget "ThemisTestTests" */ = {
			isa = XCConfigurationList;
			buildConfigurations = (
				731624B91ADB174200972A7A /* Debug */,
				731624BA1ADB174200972A7A /* Release */,
			);
			defaultConfigurationIsVisible = 0;
			defaultConfigurationName = Release;
		};
/* End XCConfigurationList section */
	};
	rootObject = 7316248A1ADB174200972A7A /* Project object */;
}
