{
  "object": {
    "pins": [
      {
        "package": "themis",
        "repositoryURL": "https://github.com/cossacklabs/themis",
        "state": {
          "branch": null,
          "revision": "5d21527e76222b1e001b643aec77ff23e8c7478d",
          "version": "0.14.0"
        }
      }
    ]
  },
  "version": 1
}
