// !$*UTF8*$!
{
	archiveVersion = 1;
	classes = {
	};
	objectVersion = 52;
	objects = {

/* Begin PBXBuildFile section */
		1D0749F228D10B6A00EAF77F /* themis in Frameworks */ = {isa = PBXBuildFile; productRef = 1D0749F128D10B6A00EAF77F /* themis */; };
		6D93CFF9263C294600ED53C4 /* AppDelegate.m in Sources */ = {isa = PBXBuildFile; fileRef = 6D93CFF8263C294600ED53C4 /* AppDelegate.m */; };
		6D93CFFC263C294600ED53C4 /* SceneDelegate.m in Sources */ = {isa = PBXBuildFile; fileRef = 6D93CFFB263C294600ED53C4 /* SceneDelegate.m */; };
		6D93CFFF263C294600ED53C4 /* ViewController.m in Sources */ = {isa = PBXBuildFile; fileRef = 6D93CFFE263C294600ED53C4 /* ViewController.m */; };
		6D93D002263C294600ED53C4 /* Main.storyboard in Resources */ = {isa = PBXBuildFile; fileRef = 6D93D000263C294600ED53C4 /* Main.storyboard */; };
		6D93D004263C294900ED53C4 /* Assets.xcassets in Resources */ = {isa = PBXBuildFile; fileRef = 6D93D003263C294900ED53C4 /* Assets.xcassets */; };
		6D93D007263C294900ED53C4 /* LaunchScreen.storyboard in Resources */ = {isa = PBXBuildFile; fileRef = 6D93D005263C294900ED53C4 /* LaunchScreen.storyboard */; };
		6D93D00A263C294900ED53C4 /* main.m in Sources */ = {isa = PBXBuildFile; fileRef = 6D93D009263C294900ED53C4 /* main.m */; };
		6DC890FA263C2AF6003DA2AB /* server.priv in Resources */ = {isa = PBXBuildFile; fileRef = 6DC890F6263C2AF6003DA2AB /* server.priv */; };
		6DC890FB263C2AF6003DA2AB /* client.pub in Resources */ = {isa = PBXBuildFile; fileRef = 6DC890F7263C2AF6003DA2AB /* client.pub */; };
		6DC890FC263C2AF6003DA2AB /* server.pub in Resources */ = {isa = PBXBuildFile; fileRef = 6DC890F8263C2AF6003DA2AB /* server.pub */; };
		6DC890FD263C2AF6003DA2AB /* client.priv in Resources */ = {isa = PBXBuildFile; fileRef = 6DC890F9263C2AF6003DA2AB /* client.priv */; };
/* End PBXBuildFile section */

/* Begin PBXFileReference section */
		6D93CFF4263C294600ED53C4 /* ThemisTest.app */ = {isa = PBXFileReference; explicitFileType = wrapper.application; includeInIndex = 0; path = ThemisTest.app; sourceTree = BUILT_PRODUCTS_DIR; };
		6D93CFF7263C294600ED53C4 /* AppDelegate.h */ = {isa = PBXFileReference; lastKnownFileType = sourcecode.c.h; path = AppDelegate.h; sourceTree = "<group>"; };
		6D93CFF8263C294600ED53C4 /* AppDelegate.m */ = {isa = PBXFileReference; lastKnownFileType = sourcecode.c.objc; path = AppDelegate.m; sourceTree = "<group>"; };
		6D93CFFA263C294600ED53C4 /* SceneDelegate.h */ = {isa = PBXFileReference; lastKnownFileType = sourcecode.c.h; path = SceneDelegate.h; sourceTree = "<group>"; };
		6D93CFFB263C294600ED53C4 /* SceneDelegate.m */ = {isa = PBXFileReference; lastKnownFileType = sourcecode.c.objc; path = SceneDelegate.m; sourceTree = "<group>"; };
		6D93CFFD263C294600ED53C4 /* ViewController.h */ = {isa = PBXFileReference; lastKnownFileType = sourcecode.c.h; path = ViewController.h; sourceTree = "<group>"; };
		6D93CFFE263C294600ED53C4 /* ViewController.m */ = {isa = PBXFileReference; lastKnownFileType = sourcecode.c.objc; path = ViewController.m; sourceTree = "<group>"; };
		6D93D001263C294600ED53C4 /* Base */ = {isa = PBXFileReference; lastKnownFileType = file.storyboard; name = Base; path = Base.lproj/Main.storyboard; sourceTree = "<group>"; };
		6D93D003263C294900ED53C4 /* Assets.xcassets */ = {isa = PBXFileReference; lastKnownFileType = folder.assetcatalog; path = Assets.xcassets; sourceTree = "<group>"; };
		6D93D006263C294900ED53C4 /* Base */ = {isa = PBXFileReference; lastKnownFileType = file.storyboard; name = Base; path = Base.lproj/LaunchScreen.storyboard; sourceTree = "<group>"; };
		6D93D008263C294900ED53C4 /* Info.plist */ = {isa = PBXFileReference; lastKnownFileType = text.plist.xml; path = Info.plist; sourceTree = "<group>"; };
		6D93D009263C294900ED53C4 /* main.m */ = {isa = PBXFileReference; lastKnownFileType = sourcecode.c.objc; path = main.m; sourceTree = "<group>"; };
		6DC890F6263C2AF6003DA2AB /* server.priv */ = {isa = PBXFileReference; lastKnownFileType = file; path = server.priv; sourceTree = "<group>"; };
		6DC890F7263C2AF6003DA2AB /* client.pub */ = {isa = PBXFileReference; lastKnownFileType = file; path = client.pub; sourceTree = "<group>"; };
		6DC890F8263C2AF6003DA2AB /* server.pub */ = {isa = PBXFileReference; lastKnownFileType = file; path = server.pub; sourceTree = "<group>"; };
		6DC890F9263C2AF6003DA2AB /* client.priv */ = {isa = PBXFileReference; lastKnownFileType = file; path = client.priv; sourceTree = "<group>"; };
/* End PBXFileReference section */

/* Begin PBXFrameworksBuildPhase section */
		6D93CFF1263C294600ED53C4 /* Frameworks */ = {
			isa = PBXFrameworksBuildPhase;
			buildActionMask = 2147483647;
			files = (
				1D0749F228D10B6A00EAF77F /* themis in Frameworks */,
			);
			runOnlyForDeploymentPostprocessing = 0;
		};
/* End PBXFrameworksBuildPhase section */

/* Begin PBXGroup section */
		6D93CFEB263C294600ED53C4 = {
			isa = PBXGroup;
			children = (
				6D93CFF6263C294600ED53C4 /* ThemisTest */,
				6D93CFF5263C294600ED53C4 /* Products */,
			);
			sourceTree = "<group>";
		};
		6D93CFF5263C294600ED53C4 /* Products */ = {
			isa = PBXGroup;
			children = (
				6D93CFF4263C294600ED53C4 /* ThemisTest.app */,
			);
			name = Products;
			sourceTree = "<group>";
		};
		6D93CFF6263C294600ED53C4 /* ThemisTest */ = {
			isa = PBXGroup;
			children = (
				6DC890F5263C2AF6003DA2AB /* Resources */,
				6D93CFF7263C294600ED53C4 /* AppDelegate.h */,
				6D93CFF8263C294600ED53C4 /* AppDelegate.m */,
				6D93CFFA263C294600ED53C4 /* SceneDelegate.h */,
				6D93CFFB263C294600ED53C4 /* SceneDelegate.m */,
				6D93CFFD263C294600ED53C4 /* ViewController.h */,
				6D93CFFE263C294600ED53C4 /* ViewController.m */,
				6D93D000263C294600ED53C4 /* Main.storyboard */,
				6D93D003263C294900ED53C4 /* Assets.xcassets */,
				6D93D005263C294900ED53C4 /* LaunchScreen.storyboard */,
				6D93D008263C294900ED53C4 /* Info.plist */,
				6D93D009263C294900ED53C4 /* main.m */,
			);
			path = ThemisTest;
			sourceTree = "<group>";
		};
		6DC890F5263C2AF6003DA2AB /* Resources */ = {
			isa = PBXGroup;
			children = (
				6DC890F6263C2AF6003DA2AB /* server.priv */,
				6DC890F7263C2AF6003DA2AB /* client.pub */,
				6DC890F8263C2AF6003DA2AB /* server.pub */,
				6DC890F9263C2AF6003DA2AB /* client.priv */,
			);
			path = Resources;
			sourceTree = "<group>";
		};
/* End PBXGroup section */

/* Begin PBXNativeTarget section */
		6D93CFF3263C294600ED53C4 /* ThemisTest */ = {
			isa = PBXNativeTarget;
			buildConfigurationList = 6D93D00D263C294900ED53C4 /* Build configuration list for PBXNativeTarget "ThemisTest" */;
			buildPhases = (
				6D93CFF0263C294600ED53C4 /* Sources */,
				6D93CFF1263C294600ED53C4 /* Frameworks */,
				6D93CFF2263C294600ED53C4 /* Resources */,
			);
			buildRules = (
			);
			dependencies = (
			);
			name = ThemisTest;
			packageProductDependencies = (
				1D0749F128D10B6A00EAF77F /* themis */,
			);
			productName = ThemisTest;
			productReference = 6D93CFF4263C294600ED53C4 /* ThemisTest.app */;
			productType = "com.apple.product-type.application";
		};
/* End PBXNativeTarget section */

/* Begin PBXProject section */
		6D93CFEC263C294600ED53C4 /* Project object */ = {
			isa = PBXProject;
			attributes = {
				LastUpgradeCheck = 1240;
				TargetAttributes = {
					6D93CFF3263C294600ED53C4 = {
						CreatedOnToolsVersion = 12.4;
					};
				};
			};
			buildConfigurationList = 6D93CFEF263C294600ED53C4 /* Build configuration list for PBXProject "ThemisTest" */;
			compatibilityVersion = "Xcode 9.3";
			developmentRegion = en;
			hasScannedForEncodings = 0;
			knownRegions = (
				en,
				Base,
			);
			mainGroup = 6D93CFEB263C294600ED53C4;
			packageReferences = (
				1D0749F028D10B6A00EAF77F /* XCRemoteSwiftPackageReference "themis" */,
			);
			productRefGroup = 6D93CFF5263C294600ED53C4 /* Products */;
			projectDirPath = "";
			projectRoot = "";
			targets = (
				6D93CFF3263C294600ED53C4 /* ThemisTest */,
			);
		};
/* End PBXProject section */

/* Begin PBXResourcesBuildPhase section */
		6D93CFF2263C294600ED53C4 /* Resources */ = {
			isa = PBXResourcesBuildPhase;
			buildActionMask = 2147483647;
			files = (
				6DC890FC263C2AF6003DA2AB /* server.pub in Resources */,
				6D93D007263C294900ED53C4 /* LaunchScreen.storyboard in Resources */,
				6DC890FA263C2AF6003DA2AB /* server.priv in Resources */,
				6D93D004263C294900ED53C4 /* Assets.xcassets in Resources */,
				6DC890FD263C2AF6003DA2AB /* client.priv in Resources */,
				6D93D002263C294600ED53C4 /* Main.storyboard in Resources */,
				6DC890FB263C2AF6003DA2AB /* client.pub in Resources */,
			);
			runOnlyForDeploymentPostprocessing = 0;
		};
/* End PBXResourcesBuildPhase section */

/* Begin PBXSourcesBuildPhase section */
		6D93CFF0263C294600ED53C4 /* Sources */ = {
			isa = PBXSourcesBuildPhase;
			buildActionMask = 2147483647;
			files = (
				6D93CFFF263C294600ED53C4 /* ViewController.m in Sources */,
				6D93CFF9263C294600ED53C4 /* AppDelegate.m in Sources */,
				6D93D00A263C294900ED53C4 /* main.m in Sources */,
				6D93CFFC263C294600ED53C4 /* SceneDelegate.m in Sources */,
			);
			runOnlyForDeploymentPostprocessing = 0;
		};
/* End PBXSourcesBuildPhase section */

/* Begin PBXVariantGroup section */
		6D93D000263C294600ED53C4 /* Main.storyboard */ = {
			isa = PBXVariantGroup;
			children = (
				6D93D001263C294600ED53C4 /* Base */,
			);
			name = Main.storyboard;
			sourceTree = "<group>";
		};
		6D93D005263C294900ED53C4 /* LaunchScreen.storyboard */ = {
			isa = PBXVariantGroup;
			children = (
				6D93D006263C294900ED53C4 /* Base */,
			);
			name = LaunchScreen.storyboard;
			sourceTree = "<group>";
		};
/* End PBXVariantGroup section */

/* Begin XCBuildConfiguration section */
		6D93D00B263C294900ED53C4 /* Debug */ = {
			isa = XCBuildConfiguration;
			buildSettings = {
				ALWAYS_SEARCH_USER_PATHS = NO;
				CLANG_ANALYZER_NONNULL = YES;
				CLANG_ANALYZER_NUMBER_OBJECT_CONVERSION = YES_AGGRESSIVE;
				CLANG_CXX_LANGUAGE_STANDARD = "gnu++14";
				CLANG_CXX_LIBRARY = "libc++";
				CLANG_ENABLE_MODULES = YES;
				CLANG_ENABLE_OBJC_ARC = YES;
				CLANG_ENABLE_OBJC_WEAK = YES;
				CLANG_WARN_BLOCK_CAPTURE_AUTORELEASING = YES;
				CLANG_WARN_BOOL_CONVERSION = YES;
				CLANG_WARN_COMMA = YES;
				CLANG_WARN_CONSTANT_CONVERSION = YES;
				CLANG_WARN_DEPRECATED_OBJC_IMPLEMENTATIONS = YES;
				CLANG_WARN_DIRECT_OBJC_ISA_USAGE = YES_ERROR;
				CLANG_WARN_DOCUMENTATION_COMMENTS = YES;
				CLANG_WARN_EMPTY_BODY = YES;
				CLANG_WARN_ENUM_CONVERSION = YES;
				CLANG_WARN_INFINITE_RECURSION = YES;
				CLANG_WARN_INT_CONVERSION = YES;
				CLANG_WARN_NON_LITERAL_NULL_CONVERSION = YES;
				CLANG_WARN_OBJC_IMPLICIT_RETAIN_SELF = YES;
				CLANG_WARN_OBJC_LITERAL_CONVERSION = YES;
				CLANG_WARN_OBJC_ROOT_CLASS = YES_ERROR;
				CLANG_WARN_QUOTED_INCLUDE_IN_FRAMEWORK_HEADER = YES;
				CLANG_WARN_RANGE_LOOP_ANALYSIS = YES;
				CLANG_WARN_STRICT_PROTOTYPES = YES;
				CLANG_WARN_SUSPICIOUS_MOVE = YES;
				CLANG_WARN_UNGUARDED_AVAILABILITY = YES_AGGRESSIVE;
				CLANG_WARN_UNREACHABLE_CODE = YES;
				CLANG_WARN__DUPLICATE_METHOD_MATCH = YES;
				COPY_PHASE_STRIP = NO;
				DEBUG_INFORMATION_FORMAT = dwarf;
				ENABLE_STRICT_OBJC_MSGSEND = YES;
				ENABLE_TESTABILITY = YES;
				GCC_C_LANGUAGE_STANDARD = gnu11;
				GCC_DYNAMIC_NO_PIC = NO;
				GCC_NO_COMMON_BLOCKS = YES;
				GCC_OPTIMIZATION_LEVEL = 0;
				GCC_PREPROCESSOR_DEFINITIONS = (
					"DEBUG=1",
					"$(inherited)",
				);
				GCC_WARN_64_TO_32_BIT_CONVERSION = YES;
				GCC_WARN_ABOUT_RETURN_TYPE = YES_ERROR;
				GCC_WARN_UNDECLARED_SELECTOR = YES;
				GCC_WARN_UNINITIALIZED_AUTOS = YES_AGGRESSIVE;
				GCC_WARN_UNUSED_FUNCTION = YES;
				GCC_WARN_UNUSED_VARIABLE = YES;
				IPHONEOS_DEPLOYMENT_TARGET = 14.4;
				MTL_ENABLE_DEBUG_INFO = INCLUDE_SOURCE;
				MTL_FAST_MATH = YES;
				ONLY_ACTIVE_ARCH = YES;
				SDKROOT = iphoneos;
			};
			name = Debug;
		};
		6D93D00C263C294900ED53C4 /* Release */ = {
			isa = XCBuildConfiguration;
			buildSettings = {
				ALWAYS_SEARCH_USER_PATHS = NO;
				CLANG_ANALYZER_NONNULL = YES;
				CLANG_ANALYZER_NUMBER_OBJECT_CONVERSION = YES_AGGRESSIVE;
				CLANG_CXX_LANGUAGE_STANDARD = "gnu++14";
				CLANG_CXX_LIBRARY = "libc++";
				CLANG_ENABLE_MODULES = YES;
				CLANG_ENABLE_OBJC_ARC = YES;
				CLANG_ENABLE_OBJC_WEAK = YES;
				CLANG_WARN_BLOCK_CAPTURE_AUTORELEASING = YES;
				CLANG_WARN_BOOL_CONVERSION = YES;
				CLANG_WARN_COMMA = YES;
				CLANG_WARN_CONSTANT_CONVERSION = YES;
				CLANG_WARN_DEPRECATED_OBJC_IMPLEMENTATIONS = YES;
				CLANG_WARN_DIRECT_OBJC_ISA_USAGE = YES_ERROR;
				CLANG_WARN_DOCUMENTATION_COMMENTS = YES;
				CLANG_WARN_EMPTY_BODY = YES;
				CLANG_WARN_ENUM_CONVERSION = YES;
				CLANG_WARN_INFINITE_RECURSION = YES;
				CLANG_WARN_INT_CONVERSION = YES;
				CLANG_WARN_NON_LITERAL_NULL_CONVERSION = YES;
				CLANG_WARN_OBJC_IMPLICIT_RETAIN_SELF = YES;
				CLANG_WARN_OBJC_LITERAL_CONVERSION = YES;
				CLANG_WARN_OBJC_ROOT_CLASS = YES_ERROR;
				CLANG_WARN_QUOTED_INCLUDE_IN_FRAMEWORK_HEADER = YES;
				CLANG_WARN_RANGE_LOOP_ANALYSIS = YES;
				CLANG_WARN_STRICT_PROTOTYPES = YES;
				CLANG_WARN_SUSPICIOUS_MOVE = YES;
				CLANG_WARN_UNGUARDED_AVAILABILITY = YES_AGGRESSIVE;
				CLANG_WARN_UNREACHABLE_CODE = YES;
				CLANG_WARN__DUPLICATE_METHOD_MATCH = YES;
				COPY_PHASE_STRIP = NO;
				DEBUG_INFORMATION_FORMAT = "dwarf-with-dsym";
				ENABLE_NS_ASSERTIONS = NO;
				ENABLE_STRICT_OBJC_MSGSEND = YES;
				GCC_C_LANGUAGE_STANDARD = gnu11;
				GCC_NO_COMMON_BLOCKS = YES;
				GCC_WARN_64_TO_32_BIT_CONVERSION = YES;
				GCC_WARN_ABOUT_RETURN_TYPE = YES_ERROR;
				GCC_WARN_UNDECLARED_SELECTOR = YES;
				GCC_WARN_UNINITIALIZED_AUTOS = YES_AGGRESSIVE;
				GCC_WARN_UNUSED_FUNCTION = YES;
				GCC_WARN_UNUSED_VARIABLE = YES;
				IPHONEOS_DEPLOYMENT_TARGET = 14.4;
				MTL_ENABLE_DEBUG_INFO = NO;
				MTL_FAST_MATH = YES;
				SDKROOT = iphoneos;
				VALIDATE_PRODUCT = YES;
			};
			name = Release;
		};
		6D93D00E263C294900ED53C4 /* Debug */ = {
			isa = XCBuildConfiguration;
			buildSettings = {
				ASSETCATALOG_COMPILER_APPICON_NAME = AppIcon;
				ASSETCATALOG_COMPILER_GLOBAL_ACCENT_COLOR_NAME = AccentColor;
				CODE_SIGN_STYLE = Automatic;
				CURRENT_PROJECT_VERSION = 1;
				DEVELOPMENT_TEAM = "";
				CURRENT_PROJECT_VERSION = 2021122301;
				INFOPLIST_FILE = ThemisTest/Info.plist;
				LD_RUNPATH_SEARCH_PATHS = (
					"$(inherited)",
					"@executable_path/Frameworks",
				);
				MARKETING_VERSION = 1.0;
				PRODUCT_BUNDLE_IDENTIFIER = com.cossacklabs.themis.spm2.ThemisTest;
				PRODUCT_NAME = "$(TARGET_NAME)";
				PROVISIONING_PROFILE_SPECIFIER = "";
				TARGETED_DEVICE_FAMILY = "1,2";
			};
			name = Debug;
		};
		6D93D00F263C294900ED53C4 /* Release */ = {
			isa = XCBuildConfiguration;
			buildSettings = {
				ASSETCATALOG_COMPILER_APPICON_NAME = AppIcon;
				ASSETCATALOG_COMPILER_GLOBAL_ACCENT_COLOR_NAME = AccentColor;
				CODE_SIGN_STYLE = Automatic;
				CURRENT_PROJECT_VERSION = 1;
				DEVELOPMENT_TEAM = "";
				CURRENT_PROJECT_VERSION = 2021122301;
				INFOPLIST_FILE = ThemisTest/Info.plist;
				LD_RUNPATH_SEARCH_PATHS = (
					"$(inherited)",
					"@executable_path/Frameworks",
				);
				MARKETING_VERSION = 1.0;
				PRODUCT_BUNDLE_IDENTIFIER = com.cossacklabs.themis.spm2.ThemisTest;
				PRODUCT_NAME = "$(TARGET_NAME)";
				PROVISIONING_PROFILE_SPECIFIER = "";
				TARGETED_DEVICE_FAMILY = "1,2";
			};
			name = Release;
		};
/* End XCBuildConfiguration section */

/* Begin XCConfigurationList section */
		6D93CFEF263C294600ED53C4 /* Build configuration list for PBXProject "ThemisTest" */ = {
			isa = XCConfigurationList;
			buildConfigurations = (
				6D93D00B263C294900ED53C4 /* Debug */,
				6D93D00C263C294900ED53C4 /* Release */,
			);
			defaultConfigurationIsVisible = 0;
			defaultConfigurationName = Release;
		};
		6D93D00D263C294900ED53C4 /* Build configuration list for PBXNativeTarget "ThemisTest" */ = {
			isa = XCConfigurationList;
			buildConfigurations = (
				6D93D00E263C294900ED53C4 /* Debug */,
				6D93D00F263C294900ED53C4 /* Release */,
			);
			defaultConfigurationIsVisible = 0;
			defaultConfigurationName = Release;
		};
/* End XCConfigurationList section */

/* Begin XCRemoteSwiftPackageReference section */
		1D0749F028D10B6A00EAF77F /* XCRemoteSwiftPackageReference "themis" */ = {
			isa = XCRemoteSwiftPackageReference;
			repositoryURL = "https://github.com/cossacklabs/themis";
			requirement = {
				kind = exactVersion;
				version = 0.14.9;
			};
		};
/* End XCRemoteSwiftPackageReference section */

/* Begin XCSwiftPackageProductDependency section */
		1D0749F128D10B6A00EAF77F /* themis */ = {
			isa = XCSwiftPackageProductDependency;
			package = 1D0749F028D10B6A00EAF77F /* XCRemoteSwiftPackageReference "themis" */;
			productName = themis;
		};
/* End XCSwiftPackageProductDependency section */
	};
	rootObject = 6D93CFEC263C294600ED53C4 /* Project object */;
}
