// !$*UTF8*$!
{
	archiveVersion = 1;
	classes = {
	};
	objectVersion = 52;
	objects = {

/* Begin PBXBuildFile section */
		1D67338B28D0F79A007FA7A5 /* themis in Frameworks */ = {isa = PBXBuildFile; productRef = 1D67338A28D0F79A007FA7A5 /* themis */; };
		6DFBC499263C2DB300DC8865 /* AppDelegate.swift in Sources */ = {isa = PBXBuildFile; fileRef = 6DFBC498263C2DB300DC8865 /* AppDelegate.swift */; };
		6DFBC49B263C2DB300DC8865 /* ViewController.swift in Sources */ = {isa = PBXBuildFile; fileRef = 6DFBC49A263C2DB300DC8865 /* ViewController.swift */; };
		6DFBC49D263C2DB600DC8865 /* Assets.xcassets in Resources */ = {isa = PBXBuildFile; fileRef = 6DFBC49C263C2DB600DC8865 /* Assets.xcassets */; };
		6DFBC4A0263C2DB600DC8865 /* Main.storyboard in Resources */ = {isa = PBXBuildFile; fileRef = 6DFBC49E263C2DB600DC8865 /* Main.storyboard */; };
		6DFBC4B2263C2DE300DC8865 /* server.priv in Resources */ = {isa = PBXBuildFile; fileRef = 6DFBC4AE263C2DE300DC8865 /* server.priv */; };
		6DFBC4B3263C2DE300DC8865 /* client.pub in Resources */ = {isa = PBXBuildFile; fileRef = 6DFBC4AF263C2DE300DC8865 /* client.pub */; };
		6DFBC4B4263C2DE300DC8865 /* server.pub in Resources */ = {isa = PBXBuildFile; fileRef = 6DFBC4B0263C2DE300DC8865 /* server.pub */; };
		6DFBC4B5263C2DE300DC8865 /* client.priv in Resources */ = {isa = PBXBuildFile; fileRef = 6DFBC4B1263C2DE300DC8865 /* client.priv */; };
/* End PBXBuildFile section */

/* Begin PBXFileReference section */
		6DFBC495263C2DB300DC8865 /* ThemisTest.app */ = {isa = PBXFileReference; explicitFileType = wrapper.application; includeInIndex = 0; path = ThemisTest.app; sourceTree = BUILT_PRODUCTS_DIR; };
		6DFBC498263C2DB300DC8865 /* AppDelegate.swift */ = {isa = PBXFileReference; lastKnownFileType = sourcecode.swift; path = AppDelegate.swift; sourceTree = "<group>"; };
		6DFBC49A263C2DB300DC8865 /* ViewController.swift */ = {isa = PBXFileReference; lastKnownFileType = sourcecode.swift; path = ViewController.swift; sourceTree = "<group>"; };
		6DFBC49C263C2DB600DC8865 /* Assets.xcassets */ = {isa = PBXFileReference; lastKnownFileType = folder.assetcatalog; path = Assets.xcassets; sourceTree = "<group>"; };
		6DFBC49F263C2DB600DC8865 /* Base */ = {isa = PBXFileReference; lastKnownFileType = file.storyboard; name = Base; path = Base.lproj/Main.storyboard; sourceTree = "<group>"; };
		6DFBC4A1263C2DB600DC8865 /* Info.plist */ = {isa = PBXFileReference; lastKnownFileType = text.plist.xml; path = Info.plist; sourceTree = "<group>"; };
		6DFBC4A2263C2DB600DC8865 /* ThemisTest.entitlements */ = {isa = PBXFileReference; lastKnownFileType = text.plist.entitlements; path = ThemisTest.entitlements; sourceTree = "<group>"; };
		6DFBC4AE263C2DE300DC8865 /* server.priv */ = {isa = PBXFileReference; lastKnownFileType = file; path = server.priv; sourceTree = "<group>"; };
		6DFBC4AF263C2DE300DC8865 /* client.pub */ = {isa = PBXFileReference; lastKnownFileType = file; path = client.pub; sourceTree = "<group>"; };
		6DFBC4B0263C2DE300DC8865 /* server.pub */ = {isa = PBXFileReference; lastKnownFileType = file; path = server.pub; sourceTree = "<group>"; };
		6DFBC4B1263C2DE300DC8865 /* client.priv */ = {isa = PBXFileReference; lastKnownFileType = file; path = client.priv; sourceTree = "<group>"; };
/* End PBXFileReference section */

/* Begin PBXFrameworksBuildPhase section */
		6DFBC492263C2DB300DC8865 /* Frameworks */ = {
			isa = PBXFrameworksBuildPhase;
			buildActionMask = 2147483647;
			files = (
				1D67338B28D0F79A007FA7A5 /* themis in Frameworks */,
			);
			runOnlyForDeploymentPostprocessing = 0;
		};
/* End PBXFrameworksBuildPhase section */

/* Begin PBXGroup section */
		6DFBC48C263C2DB300DC8865 = {
			isa = PBXGroup;
			children = (
				6DFBC497263C2DB300DC8865 /* ThemisTest */,
				6DFBC496263C2DB300DC8865 /* Products */,
			);
			sourceTree = "<group>";
		};
		6DFBC496263C2DB300DC8865 /* Products */ = {
			isa = PBXGroup;
			children = (
				6DFBC495263C2DB300DC8865 /* ThemisTest.app */,
			);
			name = Products;
			sourceTree = "<group>";
		};
		6DFBC497263C2DB300DC8865 /* ThemisTest */ = {
			isa = PBXGroup;
			children = (
				6DFBC4AD263C2DE300DC8865 /* Resources */,
				6DFBC498263C2DB300DC8865 /* AppDelegate.swift */,
				6DFBC49A263C2DB300DC8865 /* ViewController.swift */,
				6DFBC49C263C2DB600DC8865 /* Assets.xcassets */,
				6DFBC49E263C2DB600DC8865 /* Main.storyboard */,
				6DFBC4A1263C2DB600DC8865 /* Info.plist */,
				6DFBC4A2263C2DB600DC8865 /* ThemisTest.entitlements */,
			);
			path = ThemisTest;
			sourceTree = "<group>";
		};
		6DFBC4AD263C2DE300DC8865 /* Resources */ = {
			isa = PBXGroup;
			children = (
				6DFBC4AE263C2DE300DC8865 /* server.priv */,
				6DFBC4AF263C2DE300DC8865 /* client.pub */,
				6DFBC4B0263C2DE300DC8865 /* server.pub */,
				6DFBC4B1263C2DE300DC8865 /* client.priv */,
			);
			path = Resources;
			sourceTree = "<group>";
		};
/* End PBXGroup section */

/* Begin PBXNativeTarget section */
		6DFBC494263C2DB300DC8865 /* ThemisTest */ = {
			isa = PBXNativeTarget;
			buildConfigurationList = 6DFBC4A5263C2DB600DC8865 /* Build configuration list for PBXNativeTarget "ThemisTest" */;
			buildPhases = (
				6DFBC491263C2DB300DC8865 /* Sources */,
				6DFBC492263C2DB300DC8865 /* Frameworks */,
				6DFBC493263C2DB300DC8865 /* Resources */,
			);
			buildRules = (
			);
			dependencies = (
			);
			name = ThemisTest;
			packageProductDependencies = (
				1D67338A28D0F79A007FA7A5 /* themis */,
			);
			productName = ThemisTest;
			productReference = 6DFBC495263C2DB300DC8865 /* ThemisTest.app */;
			productType = "com.apple.product-type.application";
		};
/* End PBXNativeTarget section */

/* Begin PBXProject section */
		6DFBC48D263C2DB300DC8865 /* Project object */ = {
			isa = PBXProject;
			attributes = {
				LastSwiftUpdateCheck = 1240;
				LastUpgradeCheck = 1240;
				TargetAttributes = {
					6DFBC494263C2DB300DC8865 = {
						CreatedOnToolsVersion = 12.4;
					};
				};
			};
			buildConfigurationList = 6DFBC490263C2DB300DC8865 /* Build configuration list for PBXProject "ThemisTest" */;
			compatibilityVersion = "Xcode 9.3";
			developmentRegion = en;
			hasScannedForEncodings = 0;
			knownRegions = (
				en,
				Base,
			);
			mainGroup = 6DFBC48C263C2DB300DC8865;
			packageReferences = (
				1D67338928D0F79A007FA7A5 /* XCRemoteSwiftPackageReference "themis" */,
			);
			productRefGroup = 6DFBC496263C2DB300DC8865 /* Products */;
			projectDirPath = "";
			projectRoot = "";
			targets = (
				6DFBC494263C2DB300DC8865 /* ThemisTest */,
			);
		};
/* End PBXProject section */

/* Begin PBXResourcesBuildPhase section */
		6DFBC493263C2DB300DC8865 /* Resources */ = {
			isa = PBXResourcesBuildPhase;
			buildActionMask = 2147483647;
			files = (
				6DFBC49D263C2DB600DC8865 /* Assets.xcassets in Resources */,
				6DFBC4B2263C2DE300DC8865 /* server.priv in Resources */,
				6DFBC4B3263C2DE300DC8865 /* client.pub in Resources */,
				6DFBC4B4263C2DE300DC8865 /* server.pub in Resources */,
				6DFBC4A0263C2DB600DC8865 /* Main.storyboard in Resources */,
				6DFBC4B5263C2DE300DC8865 /* client.priv in Resources */,
			);
			runOnlyForDeploymentPostprocessing = 0;
		};
/* End PBXResourcesBuildPhase section */

/* Begin PBXSourcesBuildPhase section */
		6DFBC491263C2DB300DC8865 /* Sources */ = {
			isa = PBXSourcesBuildPhase;
			buildActionMask = 2147483647;
			files = (
				6DFBC49B263C2DB300DC8865 /* ViewController.swift in Sources */,
				6DFBC499263C2DB300DC8865 /* AppDelegate.swift in Sources */,
			);
			runOnlyForDeploymentPostprocessing = 0;
		};
/* End PBXSourcesBuildPhase section */

/* Begin PBXVariantGroup section */
		6DFBC49E263C2DB600DC8865 /* Main.storyboard */ = {
			isa = PBXVariantGroup;
			children = (
				6DFBC49F263C2DB600DC8865 /* Base */,
			);
			name = Main.storyboard;
			sourceTree = "<group>";
		};
/* End PBXVariantGroup section */

/* Begin XCBuildConfiguration section */
		6DFBC4A3263C2DB600DC8865 /* Debug */ = {
			isa = XCBuildConfiguration;
			buildSettings = {
				ALWAYS_SEARCH_USER_PATHS = NO;
				CLANG_ANALYZER_NONNULL = YES;
				CLANG_ANALYZER_NUMBER_OBJECT_CONVERSION = YES_AGGRESSIVE;
				CLANG_CXX_LANGUAGE_STANDARD = "gnu++14";
				CLANG_CXX_LIBRARY = "libc++";
				CLANG_ENABLE_MODULES = YES;
				CLANG_ENABLE_OBJC_ARC = YES;
				CLANG_ENABLE_OBJC_WEAK = YES;
				CLANG_WARN_BLOCK_CAPTURE_AUTORELEASING = YES;
				CLANG_WARN_BOOL_CONVERSION = YES;
				CLANG_WARN_COMMA = YES;
				CLANG_WARN_CONSTANT_CONVERSION = YES;
				CLANG_WARN_DEPRECATED_OBJC_IMPLEMENTATIONS = YES;
				CLANG_WARN_DIRECT_OBJC_ISA_USAGE = YES_ERROR;
				CLANG_WARN_DOCUMENTATION_COMMENTS = YES;
				CLANG_WARN_EMPTY_BODY = YES;
				CLANG_WARN_ENUM_CONVERSION = YES;
				CLANG_WARN_INFINITE_RECURSION = YES;
				CLANG_WARN_INT_CONVERSION = YES;
				CLANG_WARN_NON_LITERAL_NULL_CONVERSION = YES;
				CLANG_WARN_OBJC_IMPLICIT_RETAIN_SELF = YES;
				CLANG_WARN_OBJC_LITERAL_CONVERSION = YES;
				CLANG_WARN_OBJC_ROOT_CLASS = YES_ERROR;
				CLANG_WARN_QUOTED_INCLUDE_IN_FRAMEWORK_HEADER = YES;
				CLANG_WARN_RANGE_LOOP_ANALYSIS = YES;
				CLANG_WARN_STRICT_PROTOTYPES = YES;
				CLANG_WARN_SUSPICIOUS_MOVE = YES;
				CLANG_WARN_UNGUARDED_AVAILABILITY = YES_AGGRESSIVE;
				CLANG_WARN_UNREACHABLE_CODE = YES;
				CLANG_WARN__DUPLICATE_METHOD_MATCH = YES;
				COPY_PHASE_STRIP = NO;
				DEBUG_INFORMATION_FORMAT = dwarf;
				ENABLE_STRICT_OBJC_MSGSEND = YES;
				ENABLE_TESTABILITY = YES;
				GCC_C_LANGUAGE_STANDARD = gnu11;
				GCC_DYNAMIC_NO_PIC = NO;
				GCC_NO_COMMON_BLOCKS = YES;
				GCC_OPTIMIZATION_LEVEL = 0;
				GCC_PREPROCESSOR_DEFINITIONS = (
					"DEBUG=1",
					"$(inherited)",
				);
				GCC_WARN_64_TO_32_BIT_CONVERSION = YES;
				GCC_WARN_ABOUT_RETURN_TYPE = YES_ERROR;
				GCC_WARN_UNDECLARED_SELECTOR = YES;
				GCC_WARN_UNINITIALIZED_AUTOS = YES_AGGRESSIVE;
				GCC_WARN_UNUSED_FUNCTION = YES;
				GCC_WARN_UNUSED_VARIABLE = YES;
				MACOSX_DEPLOYMENT_TARGET = 10.15;
				MTL_ENABLE_DEBUG_INFO = INCLUDE_SOURCE;
				MTL_FAST_MATH = YES;
				ONLY_ACTIVE_ARCH = YES;
				SDKROOT = macosx;
				SWIFT_ACTIVE_COMPILATION_CONDITIONS = DEBUG;
				SWIFT_OPTIMIZATION_LEVEL = "-Onone";
			};
			name = Debug;
		};
		6DFBC4A4263C2DB600DC8865 /* Release */ = {
			isa = XCBuildConfiguration;
			buildSettings = {
				ALWAYS_SEARCH_USER_PATHS = NO;
				CLANG_ANALYZER_NONNULL = YES;
				CLANG_ANALYZER_NUMBER_OBJECT_CONVERSION = YES_AGGRESSIVE;
				CLANG_CXX_LANGUAGE_STANDARD = "gnu++14";
				CLANG_CXX_LIBRARY = "libc++";
				CLANG_ENABLE_MODULES = YES;
				CLANG_ENABLE_OBJC_ARC = YES;
				CLANG_ENABLE_OBJC_WEAK = YES;
				CLANG_WARN_BLOCK_CAPTURE_AUTORELEASING = YES;
				CLANG_WARN_BOOL_CONVERSION = YES;
				CLANG_WARN_COMMA = YES;
				CLANG_WARN_CONSTANT_CONVERSION = YES;
				CLANG_WARN_DEPRECATED_OBJC_IMPLEMENTATIONS = YES;
				CLANG_WARN_DIRECT_OBJC_ISA_USAGE = YES_ERROR;
				CLANG_WARN_DOCUMENTATION_COMMENTS = YES;
				CLANG_WARN_EMPTY_BODY = YES;
				CLANG_WARN_ENUM_CONVERSION = YES;
				CLANG_WARN_INFINITE_RECURSION = YES;
				CLANG_WARN_INT_CONVERSION = YES;
				CLANG_WARN_NON_LITERAL_NULL_CONVERSION = YES;
				CLANG_WARN_OBJC_IMPLICIT_RETAIN_SELF = YES;
				CLANG_WARN_OBJC_LITERAL_CONVERSION = YES;
				CLANG_WARN_OBJC_ROOT_CLASS = YES_ERROR;
				CLANG_WARN_QUOTED_INCLUDE_IN_FRAMEWORK_HEADER = YES;
				CLANG_WARN_RANGE_LOOP_ANALYSIS = YES;
				CLANG_WARN_STRICT_PROTOTYPES = YES;
				CLANG_WARN_SUSPICIOUS_MOVE = YES;
				CLANG_WARN_UNGUARDED_AVAILABILITY = YES_AGGRESSIVE;
				CLANG_WARN_UNREACHABLE_CODE = YES;
				CLANG_WARN__DUPLICATE_METHOD_MATCH = YES;
				COPY_PHASE_STRIP = NO;
				DEBUG_INFORMATION_FORMAT = "dwarf-with-dsym";
				ENABLE_NS_ASSERTIONS = NO;
				ENABLE_STRICT_OBJC_MSGSEND = YES;
				GCC_C_LANGUAGE_STANDARD = gnu11;
				GCC_NO_COMMON_BLOCKS = YES;
				GCC_WARN_64_TO_32_BIT_CONVERSION = YES;
				GCC_WARN_ABOUT_RETURN_TYPE = YES_ERROR;
				GCC_WARN_UNDECLARED_SELECTOR = YES;
				GCC_WARN_UNINITIALIZED_AUTOS = YES_AGGRESSIVE;
				GCC_WARN_UNUSED_FUNCTION = YES;
				GCC_WARN_UNUSED_VARIABLE = YES;
				MACOSX_DEPLOYMENT_TARGET = 10.15;
				MTL_ENABLE_DEBUG_INFO = NO;
				MTL_FAST_MATH = YES;
				SDKROOT = macosx;
				SWIFT_COMPILATION_MODE = wholemodule;
				SWIFT_OPTIMIZATION_LEVEL = "-O";
			};
			name = Release;
		};
		6DFBC4A6263C2DB600DC8865 /* Debug */ = {
			isa = XCBuildConfiguration;
			buildSettings = {
				ASSETCATALOG_COMPILER_APPICON_NAME = AppIcon;
				ASSETCATALOG_COMPILER_GLOBAL_ACCENT_COLOR_NAME = AccentColor;
				CODE_SIGN_ENTITLEMENTS = ThemisTest/ThemisTest.entitlements;
				CODE_SIGN_STYLE = Automatic;
				COMBINE_HIDPI_IMAGES = YES;
				INFOPLIST_FILE = ThemisTest/Info.plist;
				LD_RUNPATH_SEARCH_PATHS = (
					"$(inherited)",
					"@executable_path/../Frameworks",
				);
				PRODUCT_BUNDLE_IDENTIFIER = com.cossacklabs.themis.ThemisTest;
				PRODUCT_NAME = "$(TARGET_NAME)";
				SWIFT_VERSION = 5.0;
			};
			name = Debug;
		};
		6DFBC4A7263C2DB600DC8865 /* Release */ = {
			isa = XCBuildConfiguration;
			buildSettings = {
				ASSETCATALOG_COMPILER_APPICON_NAME = AppIcon;
				ASSETCATALOG_COMPILER_GLOBAL_ACCENT_COLOR_NAME = AccentColor;
				CODE_SIGN_ENTITLEMENTS = ThemisTest/ThemisTest.entitlements;
				CODE_SIGN_STYLE = Automatic;
				COMBINE_HIDPI_IMAGES = YES;
				INFOPLIST_FILE = ThemisTest/Info.plist;
				LD_RUNPATH_SEARCH_PATHS = (
					"$(inherited)",
					"@executable_path/../Frameworks",
				);
				PRODUCT_BUNDLE_IDENTIFIER = com.cossacklabs.themis.ThemisTest;
				PRODUCT_NAME = "$(TARGET_NAME)";
				SWIFT_VERSION = 5.0;
			};
			name = Release;
		};
/* End XCBuildConfiguration section */

/* Begin XCConfigurationList section */
		6DFBC490263C2DB300DC8865 /* Build configuration list for PBXProject "ThemisTest" */ = {
			isa = XCConfigurationList;
			buildConfigurations = (
				6DFBC4A3263C2DB600DC8865 /* Debug */,
				6DFBC4A4263C2DB600DC8865 /* Release */,
			);
			defaultConfigurationIsVisible = 0;
			defaultConfigurationName = Release;
		};
		6DFBC4A5263C2DB600DC8865 /* Build configuration list for PBXNativeTarget "ThemisTest" */ = {
			isa = XCConfigurationList;
			buildConfigurations = (
				6DFBC4A6263C2DB600DC8865 /* Debug */,
				6DFBC4A7263C2DB600DC8865 /* Release */,
			);
			defaultConfigurationIsVisible = 0;
			defaultConfigurationName = Release;
		};
/* End XCConfigurationList section */

/* Begin XCRemoteSwiftPackageReference section */
		1D67338928D0F79A007FA7A5 /* XCRemoteSwiftPackageReference "themis" */ = {
			isa = XCRemoteSwiftPackageReference;
			repositoryURL = "https://github.com/cossacklabs/themis";
			requirement = {
				kind = exactVersion;
				version = 0.14.9;
			};
		};
/* End XCRemoteSwiftPackageReference section */

/* Begin XCSwiftPackageProductDependency section */
		1D67338A28D0F79A007FA7A5 /* themis */ = {
			isa = XCSwiftPackageProductDependency;
			package = 1D67338928D0F79A007FA7A5 /* XCRemoteSwiftPackageReference "themis" */;
			productName = themis;
		};
/* End XCSwiftPackageProductDependency section */
	};
	rootObject = 6DFBC48D263C2DB300DC8865 /* Project object */;
}
