PODS:
  - GRKOpenSSLFramework (1.0.1.20.1)
  - themis (0.9.5):
    - GRKOpenSSLFramework (= 1.0.1.20.1)
    - themis/core (= 0.9.5)
    - themis/objcwrapper (= 0.9.5)
  - themis/core (0.9.5):
    - GRKOpenSSLFramework (= 1.0.1.20.1)
  - themis/objcwrapper (0.9.5):
    - GRKOpenSSLFramework (= 1.0.1.20.1)
    - themis/core

DEPENDENCIES:
  - themis (from `https://gist.githubusercontent.com/vixentael/c75fea8d98d9294c154e3c75230ccf2f/raw/5efcbd6385042a26f3d591c74f0c4b1bbb755c39/themis_dyn_frameworks.podspec`)

EXTERNAL SOURCES:
  themis:
    :podspec: https://gist.githubusercontent.com/vixentael/c75fea8d98d9294c154e3c75230ccf2f/raw/5efcbd6385042a26f3d591c74f0c4b1bbb755c39/themis_dyn_frameworks.podspec

CHECKOUT OPTIONS:
  themis:
    :commit: aaff9927369fc58e61d1e27b373679d0c6dd943d
    :git: https://github.com/cossacklabs/themis.git

SPEC CHECKSUMS:
  GRKOpenSSLFramework: 65b5f6d5a35f69284f4cdc2c294808a311eeed2f
  themis: b20efd554d82a765cf19d113e82c9c972793511e

PODFILE CHECKSUM: 84798418f381f715e0b01e10028a51734bc0c7c1

COCOAPODS: 1.3.1
