PODS:
  - GRKOpenSSLFramework (1.0.1.20.4)
  - themis (0.9.5):
    - GRKOpenSSLFramework (= 1.0.1.20.4)
    - themis/core (= 0.9.5)
    - themis/objcwrapper (= 0.9.5)
  - themis/core (0.9.5):
    - GRKOpenSSLFramework (= 1.0.1.20.4)
  - themis/objcwrapper (0.9.5):
    - GRKOpenSSLFramework (= 1.0.1.20.4)
    - themis/core

DEPENDENCIES:
  - themis (from `https://github.com/cossacklabs/themis.git`, branch `enable_bitcode`)

EXTERNAL SOURCES:
  themis:
    :branch: enable_bitcode
    :git: https://github.com/cossacklabs/themis.git

CHECKOUT OPTIONS:
  themis:
    :commit: 3c1986b0f65137c2b085db6800847ad7b42698b4
    :git: https://github.com/cossacklabs/themis.git

SPEC CHECKSUMS:
  GRKOpenSSLFramework: b6172cc34db9b999002483878772a4bf2a1687ba
  themis: b129c00312852dfb97851c4594a8cdd7e8a5c852

PODFILE CHECKSUM: 077b7befea5965b2db780017487d6371e913b53f

COCOAPODS: 1.3.1
