PODS:
  - GRKOpenSSLFramework (1.0.2.16)
  - themis (0.10.3):
    - themis/themis-openssl (= 0.10.3)
  - themis/themis-openssl (0.10.3):
    - GRKOpenSSLFramework (~> 1.0.1)
    - themis/themis-openssl/core (= 0.10.3)
    - themis/themis-openssl/objcwrapper (= 0.10.3)
  - themis/themis-openssl/core (0.10.3):
    - GRKOpenSSLFramework (~> 1.0.1)
  - themis/themis-openssl/objcwrapper (0.10.3):
    - GRKOpenSSLFramework (~> 1.0.1)
    - themis/themis-openssl/core

DEPENDENCIES:
  - themis (= 0.10.3)

SPEC REPOS:
  https://github.com/cocoapods/specs.git:
    - GRKOpenSSLFramework
    - themis

SPEC CHECKSUMS:
  GRKOpenSSLFramework: 35944e317e6336b2944ad70b059d84db6b2d8532
  themis: bdbb1d0baeee19ff213dc7355e9e2b48debea359

PODFILE CHECKSUM: 2ccc9bbe0a4e5787fe2521acc2dba60faf224063

COCOAPODS: 1.5.3
