PODS:
  - OpenSSL-Universal (1.0.2.10)
  - themis (0.9.5):
    - OpenSSL-Universal (= 1.0.2.10)
    - themis/core (= 0.9.5)
    - themis/objcwrapper (= 0.9.5)
  - themis/core (0.9.5):
    - OpenSSL-Universal (= 1.0.2.10)
  - themis/objcwrapper (0.9.5):
    - OpenSSL-Universal (= 1.0.2.10)
    - themis/core

DEPENDENCIES:
  - themis (from `https://github.com/cossacklabs/themis.git`, branch `release_0.9.5`)

EXTERNAL SOURCES:
  themis:
    :branch: release_0.9.5
    :git: https://github.com/cossacklabs/themis.git

CHECKOUT OPTIONS:
  themis:
    :commit: 3eba308cd17bff2cb4bca1aaf85b4c43424a0bcc
    :git: https://github.com/cossacklabs/themis.git

SPEC CHECKSUMS:
  OpenSSL-Universal: 6dc366764e8bf6ca93c60bd767d9103146a3b3b6
  themis: a30b07346d6e80cb9b001a707a242c3e10ecf888

PODFILE CHECKSUM: 6a71f260481b73e8b2fe62e7be333a45491fd518

COCOAPODS: 1.2.1
