// !$*UTF8*$!
{
	archiveVersion = 1;
	classes = {
	};
	objectVersion = 52;
	objects = {

/* Begin PBXBuildFile section */
		1DC9905A28D10F9800179131 /* themis in Frameworks */ = {isa = PBXBuildFile; productRef = 1DC9905928D10F9800179131 /* themis */; };
		6D445235263C2B4C00871215 /* AppDelegate.m in Sources */ = {isa = PBXBuildFile; fileRef = 6D445234263C2B4C00871215 /* AppDelegate.m */; };
		6D445238263C2B4C00871215 /* ViewController.m in Sources */ = {isa = PBXBuildFile; fileRef = 6D445237263C2B4C00871215 /* ViewController.m */; };
		6D44523A263C2B4E00871215 /* Assets.xcassets in Resources */ = {isa = PBXBuildFile; fileRef = 6D445239263C2B4E00871215 /* Assets.xcassets */; };
		6D44523D263C2B4E00871215 /* Main.storyboard in Resources */ = {isa = PBXBuildFile; fileRef = 6D44523B263C2B4E00871215 /* Main.storyboard */; };
		6D445240263C2B4E00871215 /* main.m in Sources */ = {isa = PBXBuildFile; fileRef = 6D44523F263C2B4E00871215 /* main.m */; };
		6D445251263C2BAE00871215 /* server.priv in Resources */ = {isa = PBXBuildFile; fileRef = 6D44524D263C2BAE00871215 /* server.priv */; };
		6D445252263C2BAE00871215 /* client.pub in Resources */ = {isa = PBXBuildFile; fileRef = 6D44524E263C2BAE00871215 /* client.pub */; };
		6D445253263C2BAE00871215 /* server.pub in Resources */ = {isa = PBXBuildFile; fileRef = 6D44524F263C2BAE00871215 /* server.pub */; };
		6D445254263C2BAE00871215 /* client.priv in Resources */ = {isa = PBXBuildFile; fileRef = 6D445250263C2BAE00871215 /* client.priv */; };
/* End PBXBuildFile section */

/* Begin PBXFileReference section */
		6D445230263C2B4C00871215 /* ThemisTest.app */ = {isa = PBXFileReference; explicitFileType = wrapper.application; includeInIndex = 0; path = ThemisTest.app; sourceTree = BUILT_PRODUCTS_DIR; };
		6D445233263C2B4C00871215 /* AppDelegate.h */ = {isa = PBXFileReference; lastKnownFileType = sourcecode.c.h; path = AppDelegate.h; sourceTree = "<group>"; };
		6D445234263C2B4C00871215 /* AppDelegate.m */ = {isa = PBXFileReference; lastKnownFileType = sourcecode.c.objc; path = AppDelegate.m; sourceTree = "<group>"; };
		6D445236263C2B4C00871215 /* ViewController.h */ = {isa = PBXFileReference; lastKnownFileType = sourcecode.c.h; path = ViewController.h; sourceTree = "<group>"; };
		6D445237263C2B4C00871215 /* ViewController.m */ = {isa = PBXFileReference; lastKnownFileType = sourcecode.c.objc; path = ViewController.m; sourceTree = "<group>"; };
		6D445239263C2B4E00871215 /* Assets.xcassets */ = {isa = PBXFileReference; lastKnownFileType = folder.assetcatalog; path = Assets.xcassets; sourceTree = "<group>"; };
		6D44523C263C2B4E00871215 /* Base */ = {isa = PBXFileReference; lastKnownFileType = file.storyboard; name = Base; path = Base.lproj/Main.storyboard; sourceTree = "<group>"; };
		6D44523E263C2B4E00871215 /* Info.plist */ = {isa = PBXFileReference; lastKnownFileType = text.plist.xml; path = Info.plist; sourceTree = "<group>"; };
		6D44523F263C2B4E00871215 /* main.m */ = {isa = PBXFileReference; lastKnownFileType = sourcecode.c.objc; path = main.m; sourceTree = "<group>"; };
		6D445241263C2B4E00871215 /* ThemisTest.entitlements */ = {isa = PBXFileReference; lastKnownFileType = text.plist.entitlements; path = ThemisTest.entitlements; sourceTree = "<group>"; };
		6D44524D263C2BAE00871215 /* server.priv */ = {isa = PBXFileReference; lastKnownFileType = file; path = server.priv; sourceTree = "<group>"; };
		6D44524E263C2BAE00871215 /* client.pub */ = {isa = PBXFileReference; lastKnownFileType = file; path = client.pub; sourceTree = "<group>"; };
		6D44524F263C2BAE00871215 /* server.pub */ = {isa = PBXFileReference; lastKnownFileType = file; path = server.pub; sourceTree = "<group>"; };
		6D445250263C2BAE00871215 /* client.priv */ = {isa = PBXFileReference; lastKnownFileType = file; path = client.priv; sourceTree = "<group>"; };
/* End PBXFileReference section */

/* Begin PBXFrameworksBuildPhase section */
		6D44522D263C2B4C00871215 /* Frameworks */ = {
			isa = PBXFrameworksBuildPhase;
			buildActionMask = 2147483647;
			files = (
				1DC9905A28D10F9800179131 /* themis in Frameworks */,
			);
			runOnlyForDeploymentPostprocessing = 0;
		};
/* End PBXFrameworksBuildPhase section */

/* Begin PBXGroup section */
		6D445227263C2B4C00871215 = {
			isa = PBXGroup;
			children = (
				6D445232263C2B4C00871215 /* ThemisTest */,
				6D445231263C2B4C00871215 /* Products */,
			);
			sourceTree = "<group>";
		};
		6D445231263C2B4C00871215 /* Products */ = {
			isa = PBXGroup;
			children = (
				6D445230263C2B4C00871215 /* ThemisTest.app */,
			);
			name = Products;
			sourceTree = "<group>";
		};
		6D445232263C2B4C00871215 /* ThemisTest */ = {
			isa = PBXGroup;
			children = (
				6D44524C263C2BAE00871215 /* Resources */,
				6D445233263C2B4C00871215 /* AppDelegate.h */,
				6D445234263C2B4C00871215 /* AppDelegate.m */,
				6D445236263C2B4C00871215 /* ViewController.h */,
				6D445237263C2B4C00871215 /* ViewController.m */,
				6D445239263C2B4E00871215 /* Assets.xcassets */,
				6D44523B263C2B4E00871215 /* Main.storyboard */,
				6D44523E263C2B4E00871215 /* Info.plist */,
				6D44523F263C2B4E00871215 /* main.m */,
				6D445241263C2B4E00871215 /* ThemisTest.entitlements */,
			);
			path = ThemisTest;
			sourceTree = "<group>";
		};
		6D44524C263C2BAE00871215 /* Resources */ = {
			isa = PBXGroup;
			children = (
				6D44524D263C2BAE00871215 /* server.priv */,
				6D44524E263C2BAE00871215 /* client.pub */,
				6D44524F263C2BAE00871215 /* server.pub */,
				6D445250263C2BAE00871215 /* client.priv */,
			);
			path = Resources;
			sourceTree = "<group>";
		};
/* End PBXGroup section */

/* Begin PBXNativeTarget section */
		6D44522F263C2B4C00871215 /* ThemisTest */ = {
			isa = PBXNativeTarget;
			buildConfigurationList = 6D445244263C2B4E00871215 /* Build configuration list for PBXNativeTarget "ThemisTest" */;
			buildPhases = (
				6D44522C263C2B4C00871215 /* Sources */,
				6D44522D263C2B4C00871215 /* Frameworks */,
				6D44522E263C2B4C00871215 /* Resources */,
			);
			buildRules = (
			);
			dependencies = (
			);
			name = ThemisTest;
			packageProductDependencies = (
				1DC9905928D10F9800179131 /* themis */,
			);
			productName = ThemisTest;
			productReference = 6D445230263C2B4C00871215 /* ThemisTest.app */;
			productType = "com.apple.product-type.application";
		};
/* End PBXNativeTarget section */

/* Begin PBXProject section */
		6D445228263C2B4C00871215 /* Project object */ = {
			isa = PBXProject;
			attributes = {
				LastUpgradeCheck = 1240;
				TargetAttributes = {
					6D44522F263C2B4C00871215 = {
						CreatedOnToolsVersion = 12.4;
					};
				};
			};
			buildConfigurationList = 6D44522B263C2B4C00871215 /* Build configuration list for PBXProject "ThemisTest" */;
			compatibilityVersion = "Xcode 9.3";
			developmentRegion = en;
			hasScannedForEncodings = 0;
			knownRegions = (
				en,
				Base,
			);
			mainGroup = 6D445227263C2B4C00871215;
			packageReferences = (
				1DC9905828D10F9800179131 /* XCRemoteSwiftPackageReference "themis" */,
			);
			productRefGroup = 6D445231263C2B4C00871215 /* Products */;
			projectDirPath = "";
			projectRoot = "";
			targets = (
				6D44522F263C2B4C00871215 /* ThemisTest */,
			);
		};
/* End PBXProject section */

/* Begin PBXResourcesBuildPhase section */
		6D44522E263C2B4C00871215 /* Resources */ = {
			isa = PBXResourcesBuildPhase;
			buildActionMask = 2147483647;
			files = (
				6D44523A263C2B4E00871215 /* Assets.xcassets in Resources */,
				6D445251263C2BAE00871215 /* server.priv in Resources */,
				6D445252263C2BAE00871215 /* client.pub in Resources */,
				6D445253263C2BAE00871215 /* server.pub in Resources */,
				6D44523D263C2B4E00871215 /* Main.storyboard in Resources */,
				6D445254263C2BAE00871215 /* client.priv in Resources */,
			);
			runOnlyForDeploymentPostprocessing = 0;
		};
/* End PBXResourcesBuildPhase section */

/* Begin PBXSourcesBuildPhase section */
		6D44522C263C2B4C00871215 /* Sources */ = {
			isa = PBXSourcesBuildPhase;
			buildActionMask = 2147483647;
			files = (
				6D445238263C2B4C00871215 /* ViewController.m in Sources */,
				6D445240263C2B4E00871215 /* main.m in Sources */,
				6D445235263C2B4C00871215 /* AppDelegate.m in Sources */,
			);
			runOnlyForDeploymentPostprocessing = 0;
		};
/* End PBXSourcesBuildPhase section */

/* Begin PBXVariantGroup section */
		6D44523B263C2B4E00871215 /* Main.storyboard */ = {
			isa = PBXVariantGroup;
			children = (
				6D44523C263C2B4E00871215 /* Base */,
			);
			name = Main.storyboard;
			sourceTree = "<group>";
		};
/* End PBXVariantGroup section */

/* Begin XCBuildConfiguration section */
		6D445242263C2B4E00871215 /* Debug */ = {
			isa = XCBuildConfiguration;
			buildSettings = {
				ALWAYS_SEARCH_USER_PATHS = NO;
				CLANG_ANALYZER_NONNULL = YES;
				CLANG_ANALYZER_NUMBER_OBJECT_CONVERSION = YES_AGGRESSIVE;
				CLANG_CXX_LANGUAGE_STANDARD = "gnu++14";
				CLANG_CXX_LIBRARY = "libc++";
				CLANG_ENABLE_MODULES = YES;
				CLANG_ENABLE_OBJC_ARC = YES;
				CLANG_ENABLE_OBJC_WEAK = YES;
				CLANG_WARN_BLOCK_CAPTURE_AUTORELEASING = YES;
				CLANG_WARN_BOOL_CONVERSION = YES;
				CLANG_WARN_COMMA = YES;
				CLANG_WARN_CONSTANT_CONVERSION = YES;
				CLANG_WARN_DEPRECATED_OBJC_IMPLEMENTATIONS = YES;
				CLANG_WARN_DIRECT_OBJC_ISA_USAGE = YES_ERROR;
				CLANG_WARN_DOCUMENTATION_COMMENTS = YES;
				CLANG_WARN_EMPTY_BODY = YES;
				CLANG_WARN_ENUM_CONVERSION = YES;
				CLANG_WARN_INFINITE_RECURSION = YES;
				CLANG_WARN_INT_CONVERSION = YES;
				CLANG_WARN_NON_LITERAL_NULL_CONVERSION = YES;
				CLANG_WARN_OBJC_IMPLICIT_RETAIN_SELF = YES;
				CLANG_WARN_OBJC_LITERAL_CONVERSION = YES;
				CLANG_WARN_OBJC_ROOT_CLASS = YES_ERROR;
				CLANG_WARN_QUOTED_INCLUDE_IN_FRAMEWORK_HEADER = YES;
				CLANG_WARN_RANGE_LOOP_ANALYSIS = YES;
				CLANG_WARN_STRICT_PROTOTYPES = YES;
				CLANG_WARN_SUSPICIOUS_MOVE = YES;
				CLANG_WARN_UNGUARDED_AVAILABILITY = YES_AGGRESSIVE;
				CLANG_WARN_UNREACHABLE_CODE = YES;
				CLANG_WARN__DUPLICATE_METHOD_MATCH = YES;
				COPY_PHASE_STRIP = NO;
				DEBUG_INFORMATION_FORMAT = dwarf;
				ENABLE_STRICT_OBJC_MSGSEND = YES;
				ENABLE_TESTABILITY = YES;
				GCC_C_LANGUAGE_STANDARD = gnu11;
				GCC_DYNAMIC_NO_PIC = NO;
				GCC_NO_COMMON_BLOCKS = YES;
				GCC_OPTIMIZATION_LEVEL = 0;
				GCC_PREPROCESSOR_DEFINITIONS = (
					"DEBUG=1",
					"$(inherited)",
				);
				GCC_WARN_64_TO_32_BIT_CONVERSION = YES;
				GCC_WARN_ABOUT_RETURN_TYPE = YES_ERROR;
				GCC_WARN_UNDECLARED_SELECTOR = YES;
				GCC_WARN_UNINITIALIZED_AUTOS = YES_AGGRESSIVE;
				GCC_WARN_UNUSED_FUNCTION = YES;
				GCC_WARN_UNUSED_VARIABLE = YES;
				MACOSX_DEPLOYMENT_TARGET = 10.15;
				MTL_ENABLE_DEBUG_INFO = INCLUDE_SOURCE;
				MTL_FAST_MATH = YES;
				ONLY_ACTIVE_ARCH = YES;
				SDKROOT = macosx;
			};
			name = Debug;
		};
		6D445243263C2B4E00871215 /* Release */ = {
			isa = XCBuildConfiguration;
			buildSettings = {
				ALWAYS_SEARCH_USER_PATHS = NO;
				CLANG_ANALYZER_NONNULL = YES;
				CLANG_ANALYZER_NUMBER_OBJECT_CONVERSION = YES_AGGRESSIVE;
				CLANG_CXX_LANGUAGE_STANDARD = "gnu++14";
				CLANG_CXX_LIBRARY = "libc++";
				CLANG_ENABLE_MODULES = YES;
				CLANG_ENABLE_OBJC_ARC = YES;
				CLANG_ENABLE_OBJC_WEAK = YES;
				CLANG_WARN_BLOCK_CAPTURE_AUTORELEASING = YES;
				CLANG_WARN_BOOL_CONVERSION = YES;
				CLANG_WARN_COMMA = YES;
				CLANG_WARN_CONSTANT_CONVERSION = YES;
				CLANG_WARN_DEPRECATED_OBJC_IMPLEMENTATIONS = YES;
				CLANG_WARN_DIRECT_OBJC_ISA_USAGE = YES_ERROR;
				CLANG_WARN_DOCUMENTATION_COMMENTS = YES;
				CLANG_WARN_EMPTY_BODY = YES;
				CLANG_WARN_ENUM_CONVERSION = YES;
				CLANG_WARN_INFINITE_RECURSION = YES;
				CLANG_WARN_INT_CONVERSION = YES;
				CLANG_WARN_NON_LITERAL_NULL_CONVERSION = YES;
				CLANG_WARN_OBJC_IMPLICIT_RETAIN_SELF = YES;
				CLANG_WARN_OBJC_LITERAL_CONVERSION = YES;
				CLANG_WARN_OBJC_ROOT_CLASS = YES_ERROR;
				CLANG_WARN_QUOTED_INCLUDE_IN_FRAMEWORK_HEADER = YES;
				CLANG_WARN_RANGE_LOOP_ANALYSIS = YES;
				CLANG_WARN_STRICT_PROTOTYPES = YES;
				CLANG_WARN_SUSPICIOUS_MOVE = YES;
				CLANG_WARN_UNGUARDED_AVAILABILITY = YES_AGGRESSIVE;
				CLANG_WARN_UNREACHABLE_CODE = YES;
				CLANG_WARN__DUPLICATE_METHOD_MATCH = YES;
				COPY_PHASE_STRIP = NO;
				DEBUG_INFORMATION_FORMAT = "dwarf-with-dsym";
				ENABLE_NS_ASSERTIONS = NO;
				ENABLE_STRICT_OBJC_MSGSEND = YES;
				GCC_C_LANGUAGE_STANDARD = gnu11;
				GCC_NO_COMMON_BLOCKS = YES;
				GCC_WARN_64_TO_32_BIT_CONVERSION = YES;
				GCC_WARN_ABOUT_RETURN_TYPE = YES_ERROR;
				GCC_WARN_UNDECLARED_SELECTOR = YES;
				GCC_WARN_UNINITIALIZED_AUTOS = YES_AGGRESSIVE;
				GCC_WARN_UNUSED_FUNCTION = YES;
				GCC_WARN_UNUSED_VARIABLE = YES;
				MACOSX_DEPLOYMENT_TARGET = 10.15;
				MTL_ENABLE_DEBUG_INFO = NO;
				MTL_FAST_MATH = YES;
				SDKROOT = macosx;
			};
			name = Release;
		};
		6D445245263C2B4E00871215 /* Debug */ = {
			isa = XCBuildConfiguration;
			buildSettings = {
				ASSETCATALOG_COMPILER_APPICON_NAME = AppIcon;
				ASSETCATALOG_COMPILER_GLOBAL_ACCENT_COLOR_NAME = AccentColor;
				CODE_SIGN_ENTITLEMENTS = ThemisTest/ThemisTest.entitlements;
				CODE_SIGN_STYLE = Automatic;
				COMBINE_HIDPI_IMAGES = YES;
				DEVELOPMENT_TEAM = "";
				INFOPLIST_FILE = ThemisTest/Info.plist;
				LD_RUNPATH_SEARCH_PATHS = (
					"$(inherited)",
					"@executable_path/../Frameworks",
				);
				PRODUCT_BUNDLE_IDENTIFIER = com.cossacklabs.themis.ThemisTest;
				PRODUCT_NAME = "$(TARGET_NAME)";
			};
			name = Debug;
		};
		6D445246263C2B4E00871215 /* Release */ = {
			isa = XCBuildConfiguration;
			buildSettings = {
				ASSETCATALOG_COMPILER_APPICON_NAME = AppIcon;
				ASSETCATALOG_COMPILER_GLOBAL_ACCENT_COLOR_NAME = AccentColor;
				CODE_SIGN_ENTITLEMENTS = ThemisTest/ThemisTest.entitlements;
				CODE_SIGN_STYLE = Automatic;
				COMBINE_HIDPI_IMAGES = YES;
				DEVELOPMENT_TEAM = "";
				INFOPLIST_FILE = ThemisTest/Info.plist;
				LD_RUNPATH_SEARCH_PATHS = (
					"$(inherited)",
					"@executable_path/../Frameworks",
				);
				PRODUCT_BUNDLE_IDENTIFIER = com.cossacklabs.themis.ThemisTest;
				PRODUCT_NAME = "$(TARGET_NAME)";
			};
			name = Release;
		};
/* End XCBuildConfiguration section */

/* Begin XCConfigurationList section */
		6D44522B263C2B4C00871215 /* Build configuration list for PBXProject "ThemisTest" */ = {
			isa = XCConfigurationList;
			buildConfigurations = (
				6D445242263C2B4E00871215 /* Debug */,
				6D445243263C2B4E00871215 /* Release */,
			);
			defaultConfigurationIsVisible = 0;
			defaultConfigurationName = Release;
		};
		6D445244263C2B4E00871215 /* Build configuration list for PBXNativeTarget "ThemisTest" */ = {
			isa = XCConfigurationList;
			buildConfigurations = (
				6D445245263C2B4E00871215 /* Debug */,
				6D445246263C2B4E00871215 /* Release */,
			);
			defaultConfigurationIsVisible = 0;
			defaultConfigurationName = Release;
		};
/* End XCConfigurationList section */

/* Begin XCRemoteSwiftPackageReference section */
		1DC9905828D10F9800179131 /* XCRemoteSwiftPackageReference "themis" */ = {
			isa = XCRemoteSwiftPackageReference;
			repositoryURL = "https://github.com/cossacklabs/themis";
			requirement = {
				kind = exactVersion;
				version = 0.14.9;
			};
		};
/* End XCRemoteSwiftPackageReference section */

/* Begin XCSwiftPackageProductDependency section */
		1DC9905928D10F9800179131 /* themis */ = {
			isa = XCSwiftPackageProductDependency;
			package = 1DC9905828D10F9800179131 /* XCRemoteSwiftPackageReference "themis" */;
			productName = themis;
		};
/* End XCSwiftPackageProductDependency section */
	};
	rootObject = 6D445228263C2B4C00871215 /* Project object */;
}
