// !$*UTF8*$!
{
	archiveVersion = 1;
	classes = {
	};
	objectVersion = 52;
	objects = {

/* Begin PBXBuildFile section */
		6DA7C7442630752C00E08791 /* AppDelegate.swift in Sources */ = {isa = PBXBuildFile; fileRef = 6DA7C7432630752C00E08791 /* AppDelegate.swift */; };
		6DA7C7462630752C00E08791 /* SceneDelegate.swift in Sources */ = {isa = PBXBuildFile; fileRef = 6DA7C7452630752C00E08791 /* SceneDelegate.swift */; };
		6DA7C7482630752C00E08791 /* ViewController.swift in Sources */ = {isa = PBXBuildFile; fileRef = 6DA7C7472630752C00E08791 /* ViewController.swift */; };
		6DA7C74B2630752C00E08791 /* Main.storyboard in Resources */ = {isa = PBXBuildFile; fileRef = 6DA7C7492630752C00E08791 /* Main.storyboard */; };
		6DA7C74D2630752F00E08791 /* Assets.xcassets in Resources */ = {isa = PBXBuildFile; fileRef = 6DA7C74C2630752F00E08791 /* Assets.xcassets */; };
		6DA7C7502630752F00E08791 /* LaunchScreen.storyboard in Resources */ = {isa = PBXBuildFile; fileRef = 6DA7C74E2630752F00E08791 /* LaunchScreen.storyboard */; };
		6DA7C75A263075DB00E08791 /* themis in Frameworks */ = {isa = PBXBuildFile; productRef = 6DA7C759263075DB00E08791 /* themis */; };
		6DA7C7662630783600E08791 /* client.priv in Resources */ = {isa = PBXBuildFile; fileRef = 6DA7C763263076B800E08791 /* client.priv */; };
		6DA7C7682630783900E08791 /* client.pub in Resources */ = {isa = PBXBuildFile; fileRef = 6DA7C761263076B800E08791 /* client.pub */; };
		6DA7C76A2630783B00E08791 /* server.priv in Resources */ = {isa = PBXBuildFile; fileRef = 6DA7C762263076B800E08791 /* server.priv */; };
		6DA7C76C2630783D00E08791 /* server.pub in Resources */ = {isa = PBXBuildFile; fileRef = 6DA7C764263076B800E08791 /* server.pub */; };
/* End PBXBuildFile section */

/* Begin PBXFileReference section */
		6DA7C7402630752C00E08791 /* iOS-SPM.app */ = {isa = PBXFileReference; explicitFileType = wrapper.application; includeInIndex = 0; path = "iOS-SPM.app"; sourceTree = BUILT_PRODUCTS_DIR; };
		6DA7C7432630752C00E08791 /* AppDelegate.swift */ = {isa = PBXFileReference; lastKnownFileType = sourcecode.swift; path = AppDelegate.swift; sourceTree = "<group>"; };
		6DA7C7452630752C00E08791 /* SceneDelegate.swift */ = {isa = PBXFileReference; lastKnownFileType = sourcecode.swift; path = SceneDelegate.swift; sourceTree = "<group>"; };
		6DA7C7472630752C00E08791 /* ViewController.swift */ = {isa = PBXFileReference; lastKnownFileType = sourcecode.swift; path = ViewController.swift; sourceTree = "<group>"; };
		6DA7C74A2630752C00E08791 /* Base */ = {isa = PBXFileReference; lastKnownFileType = file.storyboard; name = Base; path = Base.lproj/Main.storyboard; sourceTree = "<group>"; };
		6DA7C74C2630752F00E08791 /* Assets.xcassets */ = {isa = PBXFileReference; lastKnownFileType = folder.assetcatalog; path = Assets.xcassets; sourceTree = "<group>"; };
		6DA7C74F2630752F00E08791 /* Base */ = {isa = PBXFileReference; lastKnownFileType = file.storyboard; name = Base; path = Base.lproj/LaunchScreen.storyboard; sourceTree = "<group>"; };
		6DA7C7512630752F00E08791 /* Info.plist */ = {isa = PBXFileReference; lastKnownFileType = text.plist.xml; path = Info.plist; sourceTree = "<group>"; };
		6DA7C761263076B800E08791 /* client.pub */ = {isa = PBXFileReference; lastKnownFileType = file; name = client.pub; path = "../../../iOS-Carthage/ThemisTest/Resources/client.pub"; sourceTree = "<group>"; };
		6DA7C762263076B800E08791 /* server.priv */ = {isa = PBXFileReference; lastKnownFileType = file; name = server.priv; path = "../../../iOS-Carthage/ThemisTest/Resources/server.priv"; sourceTree = "<group>"; };
		6DA7C763263076B800E08791 /* client.priv */ = {isa = PBXFileReference; lastKnownFileType = file; name = client.priv; path = "../../../iOS-Carthage/ThemisTest/Resources/client.priv"; sourceTree = "<group>"; };
		6DA7C764263076B800E08791 /* server.pub */ = {isa = PBXFileReference; lastKnownFileType = file; name = server.pub; path = "../../../iOS-Carthage/ThemisTest/Resources/server.pub"; sourceTree = "<group>"; };
/* End PBXFileReference section */

/* Begin PBXFrameworksBuildPhase section */
		6DA7C73D2630752C00E08791 /* Frameworks */ = {
			isa = PBXFrameworksBuildPhase;
			buildActionMask = 2147483647;
			files = (
				6DA7C75A263075DB00E08791 /* themis in Frameworks */,
			);
			runOnlyForDeploymentPostprocessing = 0;
		};
/* End PBXFrameworksBuildPhase section */

/* Begin PBXGroup section */
		6DA7C7372630752C00E08791 = {
			isa = PBXGroup;
			children = (
				6DA7C7422630752C00E08791 /* iOS-SPM */,
				6DA7C7412630752C00E08791 /* Products */,
			);
			sourceTree = "<group>";
		};
		6DA7C7412630752C00E08791 /* Products */ = {
			isa = PBXGroup;
			children = (
				6DA7C7402630752C00E08791 /* iOS-SPM.app */,
			);
			name = Products;
			sourceTree = "<group>";
		};
		6DA7C7422630752C00E08791 /* iOS-SPM */ = {
			isa = PBXGroup;
			children = (
				6DA7C7602630769900E08791 /* Resources */,
				6DA7C7432630752C00E08791 /* AppDelegate.swift */,
				6DA7C7452630752C00E08791 /* SceneDelegate.swift */,
				6DA7C7472630752C00E08791 /* ViewController.swift */,
				6DA7C7492630752C00E08791 /* Main.storyboard */,
				6DA7C74C2630752F00E08791 /* Assets.xcassets */,
				6DA7C74E2630752F00E08791 /* LaunchScreen.storyboard */,
				6DA7C7512630752F00E08791 /* Info.plist */,
			);
			path = "iOS-SPM";
			sourceTree = "<group>";
		};
		6DA7C7602630769900E08791 /* Resources */ = {
			isa = PBXGroup;
			children = (
				6DA7C763263076B800E08791 /* client.priv */,
				6DA7C761263076B800E08791 /* client.pub */,
				6DA7C762263076B800E08791 /* server.priv */,
				6DA7C764263076B800E08791 /* server.pub */,
			);
			path = Resources;
			sourceTree = "<group>";
		};
/* End PBXGroup section */

/* Begin PBXNativeTarget section */
		6DA7C73F2630752C00E08791 /* iOS-SPM */ = {
			isa = PBXNativeTarget;
			buildConfigurationList = 6DA7C7542630752F00E08791 /* Build configuration list for PBXNativeTarget "iOS-SPM" */;
			buildPhases = (
				6DA7C73C2630752C00E08791 /* Sources */,
				6DA7C73D2630752C00E08791 /* Frameworks */,
				6DA7C73E2630752C00E08791 /* Resources */,
			);
			buildRules = (
			);
			dependencies = (
			);
			name = "iOS-SPM";
			packageProductDependencies = (
				6DA7C759263075DB00E08791 /* themis */,
			);
			productName = "iOS-SPM";
			productReference = 6DA7C7402630752C00E08791 /* iOS-SPM.app */;
			productType = "com.apple.product-type.application";
		};
/* End PBXNativeTarget section */

/* Begin PBXProject section */
		6DA7C7382630752C00E08791 /* Project object */ = {
			isa = PBXProject;
			attributes = {
				LastSwiftUpdateCheck = 1240;
				LastUpgradeCheck = 1240;
				TargetAttributes = {
					6DA7C73F2630752C00E08791 = {
						CreatedOnToolsVersion = 12.4;
					};
				};
			};
			buildConfigurationList = 6DA7C73B2630752C00E08791 /* Build configuration list for PBXProject "iOS-SPM" */;
			compatibilityVersion = "Xcode 9.3";
			developmentRegion = en;
			hasScannedForEncodings = 0;
			knownRegions = (
				en,
				Base,
			);
			mainGroup = 6DA7C7372630752C00E08791;
			packageReferences = (
				6DA7C758263075DB00E08791 /* XCRemoteSwiftPackageReference "themis" */,
			);
			productRefGroup = 6DA7C7412630752C00E08791 /* Products */;
			projectDirPath = "";
			projectRoot = "";
			targets = (
				6DA7C73F2630752C00E08791 /* iOS-SPM */,
			);
		};
/* End PBXProject section */

/* Begin PBXResourcesBuildPhase section */
		6DA7C73E2630752C00E08791 /* Resources */ = {
			isa = PBXResourcesBuildPhase;
			buildActionMask = 2147483647;
			files = (
				6DA7C7502630752F00E08791 /* LaunchScreen.storyboard in Resources */,
				6DA7C76A2630783B00E08791 /* server.priv in Resources */,
				6DA7C7682630783900E08791 /* client.pub in Resources */,
				6DA7C74D2630752F00E08791 /* Assets.xcassets in Resources */,
				6DA7C76C2630783D00E08791 /* server.pub in Resources */,
				6DA7C7662630783600E08791 /* client.priv in Resources */,
				6DA7C74B2630752C00E08791 /* Main.storyboard in Resources */,
			);
			runOnlyForDeploymentPostprocessing = 0;
		};
/* End PBXResourcesBuildPhase section */

/* Begin PBXSourcesBuildPhase section */
		6DA7C73C2630752C00E08791 /* Sources */ = {
			isa = PBXSourcesBuildPhase;
			buildActionMask = 2147483647;
			files = (
				6DA7C7482630752C00E08791 /* ViewController.swift in Sources */,
				6DA7C7442630752C00E08791 /* AppDelegate.swift in Sources */,
				6DA7C7462630752C00E08791 /* SceneDelegate.swift in Sources */,
			);
			runOnlyForDeploymentPostprocessing = 0;
		};
/* End PBXSourcesBuildPhase section */

/* Begin PBXVariantGroup section */
		6DA7C7492630752C00E08791 /* Main.storyboard */ = {
			isa = PBXVariantGroup;
			children = (
				6DA7C74A2630752C00E08791 /* Base */,
			);
			name = Main.storyboard;
			sourceTree = "<group>";
		};
		6DA7C74E2630752F00E08791 /* LaunchScreen.storyboard */ = {
			isa = PBXVariantGroup;
			children = (
				6DA7C74F2630752F00E08791 /* Base */,
			);
			name = LaunchScreen.storyboard;
			sourceTree = "<group>";
		};
/* End PBXVariantGroup section */

/* Begin XCBuildConfiguration section */
		6DA7C7522630752F00E08791 /* Debug */ = {
			isa = XCBuildConfiguration;
			buildSettings = {
				ALWAYS_SEARCH_USER_PATHS = NO;
				CLANG_ANALYZER_NONNULL = YES;
				CLANG_ANALYZER_NUMBER_OBJECT_CONVERSION = YES_AGGRESSIVE;
				CLANG_CXX_LANGUAGE_STANDARD = "gnu++14";
				CLANG_CXX_LIBRARY = "libc++";
				CLANG_ENABLE_MODULES = YES;
				CLANG_ENABLE_OBJC_ARC = YES;
				CLANG_ENABLE_OBJC_WEAK = YES;
				CLANG_WARN_BLOCK_CAPTURE_AUTORELEASING = YES;
				CLANG_WARN_BOOL_CONVERSION = YES;
				CLANG_WARN_COMMA = YES;
				CLANG_WARN_CONSTANT_CONVERSION = YES;
				CLANG_WARN_DEPRECATED_OBJC_IMPLEMENTATIONS = YES;
				CLANG_WARN_DIRECT_OBJC_ISA_USAGE = YES_ERROR;
				CLANG_WARN_DOCUMENTATION_COMMENTS = YES;
				CLANG_WARN_EMPTY_BODY = YES;
				CLANG_WARN_ENUM_CONVERSION = YES;
				CLANG_WARN_INFINITE_RECURSION = YES;
				CLANG_WARN_INT_CONVERSION = YES;
				CLANG_WARN_NON_LITERAL_NULL_CONVERSION = YES;
				CLANG_WARN_OBJC_IMPLICIT_RETAIN_SELF = YES;
				CLANG_WARN_OBJC_LITERAL_CONVERSION = YES;
				CLANG_WARN_OBJC_ROOT_CLASS = YES_ERROR;
				CLANG_WARN_QUOTED_INCLUDE_IN_FRAMEWORK_HEADER = YES;
				CLANG_WARN_RANGE_LOOP_ANALYSIS = YES;
				CLANG_WARN_STRICT_PROTOTYPES = YES;
				CLANG_WARN_SUSPICIOUS_MOVE = YES;
				CLANG_WARN_UNGUARDED_AVAILABILITY = YES_AGGRESSIVE;
				CLANG_WARN_UNREACHABLE_CODE = YES;
				CLANG_WARN__DUPLICATE_METHOD_MATCH = YES;
				COPY_PHASE_STRIP = NO;
				DEBUG_INFORMATION_FORMAT = dwarf;
				ENABLE_STRICT_OBJC_MSGSEND = YES;
				ENABLE_TESTABILITY = YES;
				GCC_C_LANGUAGE_STANDARD = gnu11;
				GCC_DYNAMIC_NO_PIC = NO;
				GCC_NO_COMMON_BLOCKS = YES;
				GCC_OPTIMIZATION_LEVEL = 0;
				GCC_PREPROCESSOR_DEFINITIONS = (
					"DEBUG=1",
					"$(inherited)",
				);
				GCC_WARN_64_TO_32_BIT_CONVERSION = YES;
				GCC_WARN_ABOUT_RETURN_TYPE = YES_ERROR;
				GCC_WARN_UNDECLARED_SELECTOR = YES;
				GCC_WARN_UNINITIALIZED_AUTOS = YES_AGGRESSIVE;
				GCC_WARN_UNUSED_FUNCTION = YES;
				GCC_WARN_UNUSED_VARIABLE = YES;
				IPHONEOS_DEPLOYMENT_TARGET = 14.4;
				MTL_ENABLE_DEBUG_INFO = INCLUDE_SOURCE;
				MTL_FAST_MATH = YES;
				ONLY_ACTIVE_ARCH = YES;
				SDKROOT = iphoneos;
				SWIFT_ACTIVE_COMPILATION_CONDITIONS = DEBUG;
				SWIFT_OPTIMIZATION_LEVEL = "-Onone";
			};
			name = Debug;
		};
		6DA7C7532630752F00E08791 /* Release */ = {
			isa = XCBuildConfiguration;
			buildSettings = {
				ALWAYS_SEARCH_USER_PATHS = NO;
				CLANG_ANALYZER_NONNULL = YES;
				CLANG_ANALYZER_NUMBER_OBJECT_CONVERSION = YES_AGGRESSIVE;
				CLANG_CXX_LANGUAGE_STANDARD = "gnu++14";
				CLANG_CXX_LIBRARY = "libc++";
				CLANG_ENABLE_MODULES = YES;
				CLANG_ENABLE_OBJC_ARC = YES;
				CLANG_ENABLE_OBJC_WEAK = YES;
				CLANG_WARN_BLOCK_CAPTURE_AUTORELEASING = YES;
				CLANG_WARN_BOOL_CONVERSION = YES;
				CLANG_WARN_COMMA = YES;
				CLANG_WARN_CONSTANT_CONVERSION = YES;
				CLANG_WARN_DEPRECATED_OBJC_IMPLEMENTATIONS = YES;
				CLANG_WARN_DIRECT_OBJC_ISA_USAGE = YES_ERROR;
				CLANG_WARN_DOCUMENTATION_COMMENTS = YES;
				CLANG_WARN_EMPTY_BODY = YES;
				CLANG_WARN_ENUM_CONVERSION = YES;
				CLANG_WARN_INFINITE_RECURSION = YES;
				CLANG_WARN_INT_CONVERSION = YES;
				CLANG_WARN_NON_LITERAL_NULL_CONVERSION = YES;
				CLANG_WARN_OBJC_IMPLICIT_RETAIN_SELF = YES;
				CLANG_WARN_OBJC_LITERAL_CONVERSION = YES;
				CLANG_WARN_OBJC_ROOT_CLASS = YES_ERROR;
				CLANG_WARN_QUOTED_INCLUDE_IN_FRAMEWORK_HEADER = YES;
				CLANG_WARN_RANGE_LOOP_ANALYSIS = YES;
				CLANG_WARN_STRICT_PROTOTYPES = YES;
				CLANG_WARN_SUSPICIOUS_MOVE = YES;
				CLANG_WARN_UNGUARDED_AVAILABILITY = YES_AGGRESSIVE;
				CLANG_WARN_UNREACHABLE_CODE = YES;
				CLANG_WARN__DUPLICATE_METHOD_MATCH = YES;
				COPY_PHASE_STRIP = NO;
				DEBUG_INFORMATION_FORMAT = "dwarf-with-dsym";
				ENABLE_NS_ASSERTIONS = NO;
				ENABLE_STRICT_OBJC_MSGSEND = YES;
				GCC_C_LANGUAGE_STANDARD = gnu11;
				GCC_NO_COMMON_BLOCKS = YES;
				GCC_WARN_64_TO_32_BIT_CONVERSION = YES;
				GCC_WARN_ABOUT_RETURN_TYPE = YES_ERROR;
				GCC_WARN_UNDECLARED_SELECTOR = YES;
				GCC_WARN_UNINITIALIZED_AUTOS = YES_AGGRESSIVE;
				GCC_WARN_UNUSED_FUNCTION = YES;
				GCC_WARN_UNUSED_VARIABLE = YES;
				IPHONEOS_DEPLOYMENT_TARGET = 14.4;
				MTL_ENABLE_DEBUG_INFO = NO;
				MTL_FAST_MATH = YES;
				SDKROOT = iphoneos;
				SWIFT_COMPILATION_MODE = wholemodule;
				SWIFT_OPTIMIZATION_LEVEL = "-O";
				VALIDATE_PRODUCT = YES;
			};
			name = Release;
		};
		6DA7C7552630752F00E08791 /* Debug */ = {
			isa = XCBuildConfiguration;
			buildSettings = {
				ASSETCATALOG_COMPILER_APPICON_NAME = AppIcon;
				ASSETCATALOG_COMPILER_GLOBAL_ACCENT_COLOR_NAME = AccentColor;
				CODE_SIGN_STYLE = Automatic;
				DEVELOPMENT_TEAM = "";
				INFOPLIST_FILE = "iOS-SPM/Info.plist";
				LD_RUNPATH_SEARCH_PATHS = (
					"$(inherited)",
					"@executable_path/Frameworks",
				);
				PRODUCT_BUNDLE_IDENTIFIER = "com.cossacklabs.themis.ThemisTest.iOS-SPM";
				PRODUCT_NAME = "$(TARGET_NAME)";
				SWIFT_VERSION = 5.0;
				TARGETED_DEVICE_FAMILY = "1,2";
			};
			name = Debug;
		};
		6DA7C7562630752F00E08791 /* Release */ = {
			isa = XCBuildConfiguration;
			buildSettings = {
				ASSETCATALOG_COMPILER_APPICON_NAME = AppIcon;
				ASSETCATALOG_COMPILER_GLOBAL_ACCENT_COLOR_NAME = AccentColor;
				CODE_SIGN_STYLE = Automatic;
				DEVELOPMENT_TEAM = "";
				INFOPLIST_FILE = "iOS-SPM/Info.plist";
				LD_RUNPATH_SEARCH_PATHS = (
					"$(inherited)",
					"@executable_path/Frameworks",
				);
				PRODUCT_BUNDLE_IDENTIFIER = "com.cossacklabs.themis.ThemisTest.iOS-SPM";
				PRODUCT_NAME = "$(TARGET_NAME)";
				SWIFT_VERSION = 5.0;
				TARGETED_DEVICE_FAMILY = "1,2";
			};
			name = Release;
		};
/* End XCBuildConfiguration section */

/* Begin XCConfigurationList section */
		6DA7C73B2630752C00E08791 /* Build configuration list for PBXProject "iOS-SPM" */ = {
			isa = XCConfigurationList;
			buildConfigurations = (
				6DA7C7522630752F00E08791 /* Debug */,
				6DA7C7532630752F00E08791 /* Release */,
			);
			defaultConfigurationIsVisible = 0;
			defaultConfigurationName = Release;
		};
		6DA7C7542630752F00E08791 /* Build configuration list for PBXNativeTarget "iOS-SPM" */ = {
			isa = XCConfigurationList;
			buildConfigurations = (
				6DA7C7552630752F00E08791 /* Debug */,
				6DA7C7562630752F00E08791 /* Release */,
			);
			defaultConfigurationIsVisible = 0;
			defaultConfigurationName = Release;
		};
/* End XCConfigurationList section */

/* Begin XCRemoteSwiftPackageReference section */
		6DA7C758263075DB00E08791 /* XCRemoteSwiftPackageReference "themis" */ = {
			isa = XCRemoteSwiftPackageReference;
			repositoryURL = "https://github.com/julepka/themis";
			requirement = {
				kind = exactVersion;
				version = 2.2.1;
			};
		};
/* End XCRemoteSwiftPackageReference section */

/* Begin XCSwiftPackageProductDependency section */
		6DA7C759263075DB00E08791 /* themis */ = {
			isa = XCSwiftPackageProductDependency;
			package = 6DA7C758263075DB00E08791 /* XCRemoteSwiftPackageReference "themis" */;
			productName = themis;
		};
/* End XCSwiftPackageProductDependency section */
	};
	rootObject = 6DA7C7382630752C00E08791 /* Project object */;
}
