// !$*UTF8*$!
{
	archiveVersion = 1;
	classes = {
	};
	objectVersion = 46;
	objects = {

/* Begin PBXBuildFile section */
		847866AF1BD96DA800F963DC /* main.m in Sources */ = {isa = PBXBuildFile; fileRef = 847866AE1BD96DA800F963DC /* main.m */; };
		847866B71BD96E7C00F963DC /* SMessageClient.m in Sources */ = {isa = PBXBuildFile; fileRef = 847866B61BD96E7C00F963DC /* SMessageClient.m */; settings = {ASSET_TAGS = (); }; };
		F1FCF50251D6274311AF0D23 /* libPods.a in Frameworks */ = {isa = PBXBuildFile; fileRef = C97ED70699B8BD8D3F4DE5C8 /* libPods.a */; };
/* End PBXBuildFile section */

/* Begin PBXCopyFilesBuildPhase section */
		847866A91BD96DA800F963DC /* CopyFiles */ = {
			isa = PBXCopyFilesBuildPhase;
			buildActionMask = 2147483647;
			dstPath = /usr/share/man/man1/;
			dstSubfolderSpec = 0;
			files = (
			);
			runOnlyForDeploymentPostprocessing = 1;
		};
/* End PBXCopyFilesBuildPhase section */

/* Begin PBXFileReference section */
		847866AB1BD96DA800F963DC /* smessage */ = {isa = PBXFileReference; explicitFileType = "compiled.mach-o.executable"; includeInIndex = 0; path = smessage; sourceTree = BUILT_PRODUCTS_DIR; };
		847866AE1BD96DA800F963DC /* main.m */ = {isa = PBXFileReference; lastKnownFileType = sourcecode.c.objc; path = main.m; sourceTree = "<group>"; };
		847866B51BD96E5D00F963DC /* SMessageClient.h */ = {isa = PBXFileReference; fileEncoding = 4; lastKnownFileType = sourcecode.c.h; path = SMessageClient.h; sourceTree = "<group>"; };
		847866B61BD96E7C00F963DC /* SMessageClient.m */ = {isa = PBXFileReference; fileEncoding = 4; lastKnownFileType = sourcecode.c.objc; path = SMessageClient.m; sourceTree = "<group>"; };
		ACC33D7DC8CD144342354CA7 /* Pods.debug.xcconfig */ = {isa = PBXFileReference; includeInIndex = 1; lastKnownFileType = text.xcconfig; name = Pods.debug.xcconfig; path = "Pods/Target Support Files/Pods/Pods.debug.xcconfig"; sourceTree = "<group>"; };
		C08A2FE42B711C454EDF5441 /* Pods.release.xcconfig */ = {isa = PBXFileReference; includeInIndex = 1; lastKnownFileType = text.xcconfig; name = Pods.release.xcconfig; path = "Pods/Target Support Files/Pods/Pods.release.xcconfig"; sourceTree = "<group>"; };
		C97ED70699B8BD8D3F4DE5C8 /* libPods.a */ = {isa = PBXFileReference; explicitFileType = archive.ar; includeInIndex = 0; path = libPods.a; sourceTree = BUILT_PRODUCTS_DIR; };
/* End PBXFileReference section */

/* Begin PBXFrameworksBuildPhase section */
		847866A81BD96DA800F963DC /* Frameworks */ = {
			isa = PBXFrameworksBuildPhase;
			buildActionMask = 2147483647;
			files = (
				F1FCF50251D6274311AF0D23 /* libPods.a in Frameworks */,
			);
			runOnlyForDeploymentPostprocessing = 0;
		};
/* End PBXFrameworksBuildPhase section */

/* Begin PBXGroup section */
		53DF3D3E6E6703935EED582B /* Frameworks */ = {
			isa = PBXGroup;
			children = (
				C97ED70699B8BD8D3F4DE5C8 /* libPods.a */,
			);
			name = Frameworks;
			sourceTree = "<group>";
		};
		75A76F616948CD1CA2168F8C /* Pods */ = {
			isa = PBXGroup;
			children = (
				ACC33D7DC8CD144342354CA7 /* Pods.debug.xcconfig */,
				C08A2FE42B711C454EDF5441 /* Pods.release.xcconfig */,
			);
			name = Pods;
			sourceTree = "<group>";
		};
		847866A21BD96DA800F963DC = {
			isa = PBXGroup;
			children = (
				847866AD1BD96DA800F963DC /* smessage */,
				847866AC1BD96DA800F963DC /* Products */,
				75A76F616948CD1CA2168F8C /* Pods */,
				53DF3D3E6E6703935EED582B /* Frameworks */,
			);
			sourceTree = "<group>";
		};
		847866AC1BD96DA800F963DC /* Products */ = {
			isa = PBXGroup;
			children = (
				847866AB1BD96DA800F963DC /* smessage */,
			);
			name = Products;
			sourceTree = "<group>";
		};
		847866AD1BD96DA800F963DC /* smessage */ = {
			isa = PBXGroup;
			children = (
				847866AE1BD96DA800F963DC /* main.m */,
				847866B51BD96E5D00F963DC /* SMessageClient.h */,
				847866B61BD96E7C00F963DC /* SMessageClient.m */,
			);
			path = smessage;
			sourceTree = "<group>";
		};
/* End PBXGroup section */

/* Begin PBXNativeTarget section */
		847866AA1BD96DA800F963DC /* smessage */ = {
			isa = PBXNativeTarget;
			buildConfigurationList = 847866B21BD96DA800F963DC /* Build configuration list for PBXNativeTarget "smessage" */;
			buildPhases = (
				462D3EC2ED9E66CD156FDD1D /* Check Pods Manifest.lock */,
				847866A71BD96DA800F963DC /* Sources */,
				847866A81BD96DA800F963DC /* Frameworks */,
				847866A91BD96DA800F963DC /* CopyFiles */,
				E095C02648B60474C8FFFABE /* Copy Pods Resources */,
			);
			buildRules = (
			);
			dependencies = (
			);
			name = smessage;
			productName = smessage;
			productReference = 847866AB1BD96DA800F963DC /* smessage */;
			productType = "com.apple.product-type.tool";
		};
/* End PBXNativeTarget section */

/* Begin PBXProject section */
		847866A31BD96DA800F963DC /* Project object */ = {
			isa = PBXProject;
			attributes = {
				LastUpgradeCheck = 0700;
				ORGANIZATIONNAME = Cossacklabs;
				TargetAttributes = {
					847866AA1BD96DA800F963DC = {
						CreatedOnToolsVersion = 7.0.1;
					};
				};
			};
			buildConfigurationList = 847866A61BD96DA800F963DC /* Build configuration list for PBXProject "smessage" */;
			compatibilityVersion = "Xcode 3.2";
			developmentRegion = English;
			hasScannedForEncodings = 0;
			knownRegions = (
				en,
			);
			mainGroup = 847866A21BD96DA800F963DC;
			productRefGroup = 847866AC1BD96DA800F963DC /* Products */;
			projectDirPath = "";
			projectRoot = "";
			targets = (
				847866AA1BD96DA800F963DC /* smessage */,
			);
		};
/* End PBXProject section */

/* Begin PBXShellScriptBuildPhase section */
		462D3EC2ED9E66CD156FDD1D /* Check Pods Manifest.lock */ = {
			isa = PBXShellScriptBuildPhase;
			buildActionMask = 2147483647;
			files = (
			);
			inputPaths = (
			);
			name = "Check Pods Manifest.lock";
			outputPaths = (
			);
			runOnlyForDeploymentPostprocessing = 0;
			shellPath = /bin/sh;
			shellScript = "diff \"${PODS_ROOT}/../Podfile.lock\" \"${PODS_ROOT}/Manifest.lock\" > /dev/null\nif [[ $? != 0 ]] ; then\n    cat << EOM\nerror: The sandbox is not in sync with the Podfile.lock. Run 'pod install' or update your CocoaPods installation.\nEOM\n    exit 1\nfi\n";
			showEnvVarsInLog = 0;
		};
		E095C02648B60474C8FFFABE /* Copy Pods Resources */ = {
			isa = PBXShellScriptBuildPhase;
			buildActionMask = 2147483647;
			files = (
			);
			inputPaths = (
			);
			name = "Copy Pods Resources";
			outputPaths = (
			);
			runOnlyForDeploymentPostprocessing = 0;
			shellPath = /bin/sh;
			shellScript = "\"${SRCROOT}/Pods/Target Support Files/Pods/Pods-resources.sh\"\n";
			showEnvVarsInLog = 0;
		};
/* End PBXShellScriptBuildPhase section */

/* Begin PBXSourcesBuildPhase section */
		847866A71BD96DA800F963DC /* Sources */ = {
			isa = PBXSourcesBuildPhase;
			buildActionMask = 2147483647;
			files = (
				847866B71BD96E7C00F963DC /* SMessageClient.m in Sources */,
				847866AF1BD96DA800F963DC /* main.m in Sources */,
			);
			runOnlyForDeploymentPostprocessing = 0;
		};
/* End PBXSourcesBuildPhase section */

/* Begin XCBuildConfiguration section */
		847866B01BD96DA800F963DC /* Debug */ = {
			isa = XCBuildConfiguration;
			buildSettings = {
				ALWAYS_SEARCH_USER_PATHS = NO;
				CLANG_CXX_LANGUAGE_STANDARD = "gnu++0x";
				CLANG_CXX_LIBRARY = "libc++";
				CLANG_ENABLE_MODULES = YES;
				CLANG_ENABLE_OBJC_ARC = YES;
				CLANG_WARN_BOOL_CONVERSION = YES;
				CLANG_WARN_CONSTANT_CONVERSION = YES;
				CLANG_WARN_DIRECT_OBJC_ISA_USAGE = YES_ERROR;
				CLANG_WARN_EMPTY_BODY = YES;
				CLANG_WARN_ENUM_CONVERSION = YES;
				CLANG_WARN_INT_CONVERSION = YES;
				CLANG_WARN_OBJC_ROOT_CLASS = YES_ERROR;
				CLANG_WARN_UNREACHABLE_CODE = YES;
				CLANG_WARN__DUPLICATE_METHOD_MATCH = YES;
				COPY_PHASE_STRIP = NO;
				DEBUG_INFORMATION_FORMAT = dwarf;
				ENABLE_STRICT_OBJC_MSGSEND = YES;
				ENABLE_TESTABILITY = YES;
				GCC_C_LANGUAGE_STANDARD = gnu99;
				GCC_DYNAMIC_NO_PIC = NO;
				GCC_NO_COMMON_BLOCKS = YES;
				GCC_OPTIMIZATION_LEVEL = 0;
				GCC_PREPROCESSOR_DEFINITIONS = (
					"DEBUG=1",
					"$(inherited)",
				);
				GCC_WARN_64_TO_32_BIT_CONVERSION = YES;
				GCC_WARN_ABOUT_RETURN_TYPE = YES_ERROR;
				GCC_WARN_UNDECLARED_SELECTOR = YES;
				GCC_WARN_UNINITIALIZED_AUTOS = YES_AGGRESSIVE;
				GCC_WARN_UNUSED_FUNCTION = YES;
				GCC_WARN_UNUSED_VARIABLE = YES;
				MACOSX_DEPLOYMENT_TARGET = 10.11;
				MTL_ENABLE_DEBUG_INFO = YES;
				ONLY_ACTIVE_ARCH = YES;
				SDKROOT = macosx;
			};
			name = Debug;
		};
		847866B11BD96DA800F963DC /* Release */ = {
			isa = XCBuildConfiguration;
			buildSettings = {
				ALWAYS_SEARCH_USER_PATHS = NO;
				CLANG_CXX_LANGUAGE_STANDARD = "gnu++0x";
				CLANG_CXX_LIBRARY = "libc++";
				CLANG_ENABLE_MODULES = YES;
				CLANG_ENABLE_OBJC_ARC = YES;
				CLANG_WARN_BOOL_CONVERSION = YES;
				CLANG_WARN_CONSTANT_CONVERSION = YES;
				CLANG_WARN_DIRECT_OBJC_ISA_USAGE = YES_ERROR;
				CLANG_WARN_EMPTY_BODY = YES;
				CLANG_WARN_ENUM_CONVERSION = YES;
				CLANG_WARN_INT_CONVERSION = YES;
				CLANG_WARN_OBJC_ROOT_CLASS = YES_ERROR;
				CLANG_WARN_UNREACHABLE_CODE = YES;
				CLANG_WARN__DUPLICATE_METHOD_MATCH = YES;
				COPY_PHASE_STRIP = NO;
				DEBUG_INFORMATION_FORMAT = "dwarf-with-dsym";
				ENABLE_NS_ASSERTIONS = NO;
				ENABLE_STRICT_OBJC_MSGSEND = YES;
				GCC_C_LANGUAGE_STANDARD = gnu99;
				GCC_NO_COMMON_BLOCKS = YES;
				GCC_WARN_64_TO_32_BIT_CONVERSION = YES;
				GCC_WARN_ABOUT_RETURN_TYPE = YES_ERROR;
				GCC_WARN_UNDECLARED_SELECTOR = YES;
				GCC_WARN_UNINITIALIZED_AUTOS = YES_AGGRESSIVE;
				GCC_WARN_UNUSED_FUNCTION = YES;
				GCC_WARN_UNUSED_VARIABLE = YES;
				MACOSX_DEPLOYMENT_TARGET = 10.11;
				MTL_ENABLE_DEBUG_INFO = NO;
				SDKROOT = macosx;
			};
			name = Release;
		};
		847866B31BD96DA800F963DC /* Debug */ = {
			isa = XCBuildConfiguration;
			baseConfigurationReference = ACC33D7DC8CD144342354CA7 /* Pods.debug.xcconfig */;
			buildSettings = {
				PRODUCT_NAME = "$(TARGET_NAME)";
			};
			name = Debug;
		};
		847866B41BD96DA800F963DC /* Release */ = {
			isa = XCBuildConfiguration;
			baseConfigurationReference = C08A2FE42B711C454EDF5441 /* Pods.release.xcconfig */;
			buildSettings = {
				PRODUCT_NAME = "$(TARGET_NAME)";
			};
			name = Release;
		};
/* End XCBuildConfiguration section */

/* Begin XCConfigurationList section */
		847866A61BD96DA800F963DC /* Build configuration list for PBXProject "smessage" */ = {
			isa = XCConfigurationList;
			buildConfigurations = (
				847866B01BD96DA800F963DC /* Debug */,
				847866B11BD96DA800F963DC /* Release */,
			);
			defaultConfigurationIsVisible = 0;
			defaultConfigurationName = Release;
		};
		847866B21BD96DA800F963DC /* Build configuration list for PBXNativeTarget "smessage" */ = {
			isa = XCConfigurationList;
			buildConfigurations = (
				847866B31BD96DA800F963DC /* Debug */,
				847866B41BD96DA800F963DC /* Release */,
			);
			defaultConfigurationIsVisible = 0;
			defaultConfigurationName = Release;
		};
/* End XCConfigurationList section */
	};
	rootObject = 847866A31BD96DA800F963DC /* Project object */;
}
